
Microsoft Visual Studio Solution File, Format Version 12.00
# Visual Studio Version 17
VisualStudioVersion = 17.12.35707.178
MinimumVisualStudioVersion = 10.0.40219.1
Project("{8BC9CEB8-8B4A-11D0-8D11-00A0C91BC942}") = "Ex_2-SumEachRowInMatrix", "..\Lesson_1\Lesson_1.vcxproj", "{14844C40-E7CD-4D9C-8F41-A39FC4A7F6EB}"
EndProject
Project("{8BC9CEB8-8B4A-11D0-8D11-00A0C91BC942}") = "Ex_1-RandomMatrix", "CourseSaven.vcxproj", "{62D8D1B0-0BF1-4F10-BFA9-0FA17498674A}"
EndProject
Project("{8BC9CEB8-8B4A-11D0-8D11-00A0C91BC942}") = "Ex_3-SumEachRowInMatrixInArray", "..\Ex_3-SumEachRowInMatrixInArray\Ex_3-SumEachRowInMatrixInArray.vcxproj", "{6473239C-BD05-4407-9020-1E24278BB01E}"
EndProject
Project("{8BC9CEB8-8B4A-11D0-8D11-00A0C91BC942}") = "Ex_4-SumEachColumnInMatrix", "..\Ex_4-SumEachColumnInMatrix\Ex_4-SumEachColumnInMatrix.vcxproj", "{46235C69-2374-4B41-9B1B-AF0D2B0D4A72}"
EndProject
Project("{8BC9CEB8-8B4A-11D0-8D11-00A0C91BC942}") = "Ex_5-SumEachColInMatrixInAnotherArray", "..\Ex_5-SumEachColInMatrixInAnotherArray\Ex_5-SumEachColInMatrixInAnotherArray.vcxproj", "{C586DE1C-E7AD-49D8-9590-EC93DB995451}"
EndProject
Project("{8BC9CEB8-8B4A-11D0-8D11-00A0C91BC942}") = "Ex_6-OrderedMatrix", "..\Ex_6-OrderedMatrix\Ex_6-OrderedMatrix.vcxproj", "{6A67A066-B219-4E73-ACC4-05BD732EC816}"
EndProject
Project("{8BC9CEB8-8B4A-11D0-8D11-00A0C91BC942}") = "Ex_7-TrasposeMatrix", "..\Ex_7-TrasposeMatrix\Ex_7-TrasposeMatrix.vcxproj", "{28822837-463A-44B5-B3E7-787C41FA80BF}"
EndProject
Project("{8BC9CEB8-8B4A-11D0-8D11-00A0C91BC942}") = "Ex_8-MultiplyTwoMatrix", "..\Ex_8-MultiplyTwoMatrix\Ex_8-MultiplyTwoMatrix.vcxproj", "{2A38D89B-21BA-4499-A670-5E973AE38549}"
EndProject
Project("{8BC9CEB8-8B4A-11D0-8D11-00A0C91BC942}") = "Ex_9-PrintMiddleRowAndColOfMatrix", "..\Ex_9-PrintMiddleRowAndColOfMatrix\Ex_9-PrintMiddleRowAndColOfMatrix.vcxproj", "{98F705E8-90BA-4277-B1D4-AC7461221AD9}"
EndProject
Project("{8BC9CEB8-8B4A-11D0-8D11-00A0C91BC942}") = "Ex_10-SumMatrix", "..\Ex_10-SumMatrix\Ex_10-SumMatrix.vcxproj", "{0F76235A-F1C6-4574-B9A3-D62BE1B9CEEA}"
EndProject
Project("{8BC9CEB8-8B4A-11D0-8D11-00A0C91BC942}") = "Ex_11-CheckMatricesEquality", "..\Ex_11-CheckMatricesEquality\Ex_11-CheckMatricesEquality.vcxproj", "{3E00F807-8C62-45F8-B153-E9D7AD7E5C97}"
EndProject
Project("{8BC9CEB8-8B4A-11D0-8D11-00A0C91BC942}") = "Ex_12-CheckMatricesTypical", "..\Ex_12-CheckMatricesTypical\Ex_12-CheckMatricesTypical.vcxproj", "{B6D50C08-915B-49F2-A78C-2D90F94824E1}"
EndProject
Project("{8BC9CEB8-8B4A-11D0-8D11-00A0C91BC942}") = "Ex_13-CheckIdentityMatrix", "..\Ex_13-CheckIdentityMatrix\Ex_13-CheckIdentityMatrix.vcxproj", "{C8C7977B-D047-416C-8B41-665C00CAFE08}"
EndProject
Project("{8BC9CEB8-8B4A-11D0-8D11-00A0C91BC942}") = "Ex_14-CheckScalarMatrix", "..\Ex_19-CheckScalarMatrix\Ex_19-CheckScalarMatrix.vcxproj", "{A5D1144C-CD68-4AA8-94C0-A415D320BBBE}"
EndProject
Project("{8BC9CEB8-8B4A-11D0-8D11-00A0C91BC942}") = "Ex_15-CountNumberInMatrix", "..\Ex_15-CountNumberInMatrix\Ex_15-CountNumberInMatrix.vcxproj", "{458F9AF1-C2D7-42B6-9B71-40598A03A0FA}"
EndProject
Project("{8BC9CEB8-8B4A-11D0-8D11-00A0C91BC942}") = "Ex_16-CheckSparceMatrix", "..\Ex_16-CheckSparceMatrix\Ex_16-CheckSparceMatrix.vcxproj", "{6885ADF6-C228-4DEB-950C-6E382FDA4D47}"
EndProject
Project("{8BC9CEB8-8B4A-11D0-8D11-00A0C91BC942}") = "Ex_17-NumberExistsInMatrix", "..\Ex_17-NumberExistsInMatrix\Ex_17-NumberExistsInMatrix.vcxproj", "{2C65C200-C489-44C9-81FF-8806B9B0C457}"
EndProject
Project("{8BC9CEB8-8B4A-11D0-8D11-00A0C91BC942}") = "Ex_18-IntersectedNumbersInTwoMatrices", "..\Ex_18-IntersectedNumbersInMatrix\Ex_18-IntersectedNumbersInMatrix.vcxproj", "{F71FCA70-B3C9-4E2A-BAE2-3E5F591C7B1E}"
EndProject
Project("{8BC9CEB8-8B4A-11D0-8D11-00A0C91BC942}") = "Ex_19-MinMaxNumberInMatrix", "..\Ex_19-MinMaxNumberInMatrix\Ex_19-MinMaxNumberInMatrix.vcxproj", "{5C591DA4-0A45-40BC-ACBF-A0C17894F569}"
EndProject
Project("{8BC9CEB8-8B4A-11D0-8D11-00A0C91BC942}") = "Ex_20-PalindromeMatrix", "..\Ex_20-PalindromeMatrix\Ex_20-PalindromeMatrix.vcxproj", "{84C32C3B-4C07-4D98-9064-6072CE7899ED}"
EndProject
Project("{8BC9CEB8-8B4A-11D0-8D11-00A0C91BC942}") = "Ex_21-FibonacciSeries", "..\Ex_21-FibonacciSeries\Ex_21-FibonacciSeries.vcxproj", "{0EEA6A2A-AADF-40CC-ABF5-04BF7E7376D0}"
EndProject
Project("{8BC9CEB8-8B4A-11D0-8D11-00A0C91BC942}") = "Ex_22-FibonacciSeriesWithRecursion", "..\Ex_22-FibonacciSeriesWithRecursion\Ex_22-FibonacciSeriesWithRecursion.vcxproj", "{AE2482E9-6620-47E0-9A36-96158C4C8B03}"
EndProject
Project("{8BC9CEB8-8B4A-11D0-8D11-00A0C91BC942}") = "Ex_23-PrintFirstLetterForEachWordInString", "..\Ex_23-PrintFirstLetterForEachWordInString\Ex_23-PrintFirstLetterForEachWordInString.vcxproj", "{F7059EA2-127E-462E-B922-D82AD220963F}"
EndProject
Project("{8BC9CEB8-8B4A-11D0-8D11-00A0C91BC942}") = "Ex_24-ConvertFirstLetterInStringToUpperCase", "..\Ex_24-ConvertFirstLetterInStringToUpperCase\Ex_24-ConvertFirstLetterInStringToUpperCase.vcxproj", "{A7A11F10-C06D-4232-8622-BA4B14E22943}"
EndProject
Project("{8BC9CEB8-8B4A-11D0-8D11-00A0C91BC942}") = "Ex_25-ConvertFirstLetterToLowerCase", "..\Ex_25-ConvertFirstLetterToLowerCase\Ex_25-ConvertFirstLetterToLowerCase.vcxproj", "{1894428B-FBC8-4E13-82E6-824CA8B2DC8E}"
EndProject
Project("{8BC9CEB8-8B4A-11D0-8D11-00A0C91BC942}") = "Ex_26-ConcerAllLettersToUpperCase", "..\Ex_26-ConcerAllLettersToUpperCase\Ex_26-ConcerAllLettersToUpperCase.vcxproj", "{42A269D4-2806-4BD2-B361-E63D567AF0D6}"
EndProject
Project("{8BC9CEB8-8B4A-11D0-8D11-00A0C91BC942}") = "Ex_27-ConverCharacter", "..\Ex_27-ConverCharacter\Ex_27-ConverCharacter.vcxproj", "{EE2C9E46-0568-45A2-938A-174CEC78C878}"
EndProject
Project("{8BC9CEB8-8B4A-11D0-8D11-00A0C91BC942}") = "Ex_28-InvertAllLettersCase", "..\Ex_28-InvertAllLettersCase\Ex_28-InvertAllLettersCase.vcxproj", "{CBAED919-B848-49FA-9E2F-2A3F7F38BBB9}"
EndProject
Project("{8BC9CEB8-8B4A-11D0-8D11-00A0C91BC942}") = "Ex_29-CountOfSmallAndCapitalLetters", "..\Ex_29-CountOfSmallAndCapitalLetters\Ex_29-CountOfSmallAndCapitalLetters.vcxproj", "{735F0E09-CAED-4D7D-A2E8-14C363458AC1}"
EndProject
Project("{8BC9CEB8-8B4A-11D0-8D11-00A0C91BC942}") = "Ex_30-CountSpecificLetter", "..\Ex_30-CountSpecificLetter\Ex_30-CountSpecificLetter.vcxproj", "{4412AC34-1942-494E-81D2-40A5CFB8029B}"
EndProject
Project("{8BC9CEB8-8B4A-11D0-8D11-00A0C91BC942}") = "Ex_31-CountLetterIgnoreCase", "..\Ex_31-CountLetterIgnoreCase\Ex_31-CountLetterIgnoreCase.vcxproj", "{E026C2FC-29F9-446E-808D-B1A92A873990}"
EndProject
Project("{8BC9CEB8-8B4A-11D0-8D11-00A0C91BC942}") = "Ex_32-IsVowel", "..\Ex_32-IsVowel\Ex_32-IsVowel.vcxproj", "{75813F81-F828-4FA7-8A98-6880815E7842}"
EndProject
Project("{8BC9CEB8-8B4A-11D0-8D11-00A0C91BC942}") = "Ex_33-CountVowelInText", "..\Ex_33-CountVowelInText\Ex_33-CountVowelInText.vcxproj", "{9F91E1F9-4231-44E8-9C2D-9049723CC193}"
EndProject
Project("{8BC9CEB8-8B4A-11D0-8D11-00A0C91BC942}") = "Ex_34-PrintVowelLetters", "..\Ex_34-PrintVowelLetters\Ex_34-PrintVowelLetters.vcxproj", "{6EAC9462-E0E7-48E4-9F07-963066A3FA56}"
EndProject
Project("{8BC9CEB8-8B4A-11D0-8D11-00A0C91BC942}") = "Ex_35-PrintEachWordInString", "..\Ex_35-PrintEachWordInString\Ex_35-PrintEachWordInString.vcxproj", "{E476E54E-3662-4CCC-B6CB-6E2468C50A0F}"
EndProject
Project("{8BC9CEB8-8B4A-11D0-8D11-00A0C91BC942}") = "Ex_36-CountEachWordInString", "..\Ex_36-CountEachWordInString\Ex_36-CountEachWordInString.vcxproj", "{51AB7B9D-5A4B-467B-BAF8-8C1B1C79BE80}"
EndProject
Project("{8BC9CEB8-8B4A-11D0-8D11-00A0C91BC942}") = "Ex_37-SplitFunction", "..\Ex_37-SplitFunction\Ex_37-SplitFunction.vcxproj", "{A7C1FDAE-71D8-4528-9209-1D5C81BB55A2}"
EndProject
Project("{8BC9CEB8-8B4A-11D0-8D11-00A0C91BC942}") = "Ex_38-Trim", "..\Ex_38-Trim\Ex_38-Trim.vcxproj", "{AE728F71-4F2B-43D9-8937-3E8BA0A1A1FF}"
EndProject
Project("{8BC9CEB8-8B4A-11D0-8D11-00A0C91BC942}") = "Ex_39-JoinStringFunction", "..\Ex_39-JoinStringFunction\Ex_39-JoinStringFunction.vcxproj", "{53B42F1E-D69D-4877-97EC-8C9D7431F68E}"
EndProject
Project("{8BC9CEB8-8B4A-11D0-8D11-00A0C91BC942}") = "Ex_40-JoinStringFunctionOverLoding", "..\Ex_40-JoinStringFunctionOverLoding\Ex_40-JoinStringFunctionOverLoding.vcxproj", "{D369E7EF-1476-478E-B23A-55B1F336C1A1}"
EndProject
Project("{8BC9CEB8-8B4A-11D0-8D11-00A0C91BC942}") = "Ex_41-ReverseString", "..\Ex_41-ReverseString\Ex_41-ReverseString.vcxproj", "{C5A8CEA8-CE29-4712-A568-474F3CBD8F86}"
EndProject
Project("{8BC9CEB8-8B4A-11D0-8D11-00A0C91BC942}") = "Ex_42-Replace", "..\Ex_42-Replace\Ex_42-Replace.vcxproj", "{FCBA0D3D-224A-4B84-A705-AFB069456B36}"
EndProject
Project("{8BC9CEB8-8B4A-11D0-8D11-00A0C91BC942}") = "Ex_43-ReblaceCosum", "..\Ex_43-ReblaceCosum\Ex_43-ReblaceCosum.vcxproj", "{24702F01-A67F-4C4E-901F-16D990CEE211}"
EndProject
Project("{8BC9CEB8-8B4A-11D0-8D11-00A0C91BC942}") = "Ex_44-RemovePunctuations", "..\Ex_44-RemovePunctuations\Ex_44-RemovePunctuations.vcxproj", "{BB6ACE8A-4974-41F3-BB86-2D8B9A8A2E95}"
EndProject
Project("{8BC9CEB8-8B4A-11D0-8D11-00A0C91BC942}") = "Ex_45-RecordToString", "..\Ex_45-RecordToString\Ex_45-RecordToString.vcxproj", "{3A02B0AF-6547-4A15-89BF-699F351E77B8}"
EndProject
Project("{8BC9CEB8-8B4A-11D0-8D11-00A0C91BC942}") = "Ex_46-StringRecordToRecord", "..\Ex_46-StringRecordToRecord\Ex_46-StringRecordToRecord.vcxproj", "{3B7CCC73-41F7-4682-9F1D-CD950E596AF9}"
EndProject
Project("{8BC9CEB8-8B4A-11D0-8D11-00A0C91BC942}") = "Ex_47-SaveRecordToFile", "..\Ex_47-SaveRecordToFile\Ex_47-SaveRecordToFile.vcxproj", "{A441A776-65AD-44C9-926D-0320E10BFA44}"
EndProject
Project("{8BC9CEB8-8B4A-11D0-8D11-00A0C91BC942}") = "Ex_48-ReadAllRecordsFromFile", "..\Ex_48-ReadAllRecordsFromFile\Ex_48-ReadAllRecordsFromFile.vcxproj", "{A46E12A0-9569-4E3D-BD63-B97F58BA9EC4}"
EndProject
Project("{8BC9CEB8-8B4A-11D0-8D11-00A0C91BC942}") = "Ex_49-FindClintByAccountNumber", "..\Ex_49-FindClintByAccountNumber\Ex_49-FindClintByAccountNumber.vcxproj", "{9EF92569-B2C8-4F3F-85D4-F9644CB0F48F}"
EndProject
Project("{8BC9CEB8-8B4A-11D0-8D11-00A0C91BC942}") = "Ex_50-DeleteRecordFromFile", "..\Ex_50-DeleteRecordFromFile\Ex_50-DeleteRecordFromFile.vcxproj", "{FF5951F0-7C66-431C-A51D-00297F7D9F37}"
EndProject
Project("{8BC9CEB8-8B4A-11D0-8D11-00A0C91BC942}") = "Ex_50-BestPractice", "..\Ex_50-BestPractice\Ex_50-BestPractice.vcxproj", "{DBE1E5FF-1F9D-4544-AB6F-5378E7BE1D80}"
EndProject
Project("{8BC9CEB8-8B4A-11D0-8D11-00A0C91BC942}") = "Ex_51-UpdateClientInFile", "..\Ex_51-UpdateClientInFile\Ex_51-UpdateClientInFile.vcxproj", "{CAC8F048-5D89-4518-9AB7-715D19020795}"
EndProject
Project("{8BC9CEB8-8B4A-11D0-8D11-00A0C91BC942}") = "Project_1-Bank", "..\Project_1-Bank\Project_1-Bank.vcxproj", "{495DD020-D1DA-408B-A8C9-E16DE1F56947}"
EndProject
Project("{8BC9CEB8-8B4A-11D0-8D11-00A0C91BC942}") = "Project_1-Bank(BestPractice)", "..\Project_1-Bank(BestPractice)\Project_1-Bank(BestPractice).vcxproj", "{1A493DD9-8902-4DFE-B48E-C59E9666C10F}"
EndProject
Project("{8BC9CEB8-8B4A-11D0-8D11-00A0C91BC942}") = "Project_1-BankExtension", "..\Project_1-BankExtension\Project_1-BankExtension.vcxproj", "{EFB82B37-9BB1-408D-A02F-38D56CB33DFC}"
EndProject
Global
	GlobalSection(SolutionConfigurationPlatforms) = preSolution
		Debug|x64 = Debug|x64
		Debug|x86 = Debug|x86
		Release|x64 = Release|x64
		Release|x86 = Release|x86
	EndGlobalSection
	GlobalSection(ProjectConfigurationPlatforms) = postSolution
		{14844C40-E7CD-4D9C-8F41-A39FC4A7F6EB}.Debug|x64.ActiveCfg = Debug|x64
		{14844C40-E7CD-4D9C-8F41-A39FC4A7F6EB}.Debug|x64.Build.0 = Debug|x64
		{14844C40-E7CD-4D9C-8F41-A39FC4A7F6EB}.Debug|x86.ActiveCfg = Debug|Win32
		{14844C40-E7CD-4D9C-8F41-A39FC4A7F6EB}.Debug|x86.Build.0 = Debug|Win32
		{14844C40-E7CD-4D9C-8F41-A39FC4A7F6EB}.Release|x64.ActiveCfg = Release|x64
		{14844C40-E7CD-4D9C-8F41-A39FC4A7F6EB}.Release|x64.Build.0 = Release|x64
		{14844C40-E7CD-4D9C-8F41-A39FC4A7F6EB}.Release|x86.ActiveCfg = Release|Win32
		{14844C40-E7CD-4D9C-8F41-A39FC4A7F6EB}.Release|x86.Build.0 = Release|Win32
		{62D8D1B0-0BF1-4F10-BFA9-0FA17498674A}.Debug|x64.ActiveCfg = Debug|x64
		{62D8D1B0-0BF1-4F10-BFA9-0FA17498674A}.Debug|x64.Build.0 = Debug|x64
		{62D8D1B0-0BF1-4F10-BFA9-0FA17498674A}.Debug|x86.ActiveCfg = Debug|Win32
		{62D8D1B0-0BF1-4F10-BFA9-0FA17498674A}.Debug|x86.Build.0 = Debug|Win32
		{62D8D1B0-0BF1-4F10-BFA9-0FA17498674A}.Release|x64.ActiveCfg = Release|x64
		{62D8D1B0-0BF1-4F10-BFA9-0FA17498674A}.Release|x64.Build.0 = Release|x64
		{62D8D1B0-0BF1-4F10-BFA9-0FA17498674A}.Release|x86.ActiveCfg = Release|Win32
		{62D8D1B0-0BF1-4F10-BFA9-0FA17498674A}.Release|x86.Build.0 = Release|Win32
		{6473239C-BD05-4407-9020-1E24278BB01E}.Debug|x64.ActiveCfg = Debug|x64
		{6473239C-BD05-4407-9020-1E24278BB01E}.Debug|x64.Build.0 = Debug|x64
		{6473239C-BD05-4407-9020-1E24278BB01E}.Debug|x86.ActiveCfg = Debug|Win32
		{6473239C-BD05-4407-9020-1E24278BB01E}.Debug|x86.Build.0 = Debug|Win32
		{6473239C-BD05-4407-9020-1E24278BB01E}.Release|x64.ActiveCfg = Release|x64
		{6473239C-BD05-4407-9020-1E24278BB01E}.Release|x64.Build.0 = Release|x64
		{6473239C-BD05-4407-9020-1E24278BB01E}.Release|x86.ActiveCfg = Release|Win32
		{6473239C-BD05-4407-9020-1E24278BB01E}.Release|x86.Build.0 = Release|Win32
		{46235C69-2374-4B41-9B1B-AF0D2B0D4A72}.Debug|x64.ActiveCfg = Debug|x64
		{46235C69-2374-4B41-9B1B-AF0D2B0D4A72}.Debug|x64.Build.0 = Debug|x64
		{46235C69-2374-4B41-9B1B-AF0D2B0D4A72}.Debug|x86.ActiveCfg = Debug|Win32
		{46235C69-2374-4B41-9B1B-AF0D2B0D4A72}.Debug|x86.Build.0 = Debug|Win32
		{46235C69-2374-4B41-9B1B-AF0D2B0D4A72}.Release|x64.ActiveCfg = Release|x64
		{46235C69-2374-4B41-9B1B-AF0D2B0D4A72}.Release|x64.Build.0 = Release|x64
		{46235C69-2374-4B41-9B1B-AF0D2B0D4A72}.Release|x86.ActiveCfg = Release|Win32
		{46235C69-2374-4B41-9B1B-AF0D2B0D4A72}.Release|x86.Build.0 = Release|Win32
		{C586DE1C-E7AD-49D8-9590-EC93DB995451}.Debug|x64.ActiveCfg = Debug|x64
		{C586DE1C-E7AD-49D8-9590-EC93DB995451}.Debug|x64.Build.0 = Debug|x64
		{C586DE1C-E7AD-49D8-9590-EC93DB995451}.Debug|x86.ActiveCfg = Debug|Win32
		{C586DE1C-E7AD-49D8-9590-EC93DB995451}.Debug|x86.Build.0 = Debug|Win32
		{C586DE1C-E7AD-49D8-9590-EC93DB995451}.Release|x64.ActiveCfg = Release|x64
		{C586DE1C-E7AD-49D8-9590-EC93DB995451}.Release|x64.Build.0 = Release|x64
		{C586DE1C-E7AD-49D8-9590-EC93DB995451}.Release|x86.ActiveCfg = Release|Win32
		{C586DE1C-E7AD-49D8-9590-EC93DB995451}.Release|x86.Build.0 = Release|Win32
		{6A67A066-B219-4E73-ACC4-05BD732EC816}.Debug|x64.ActiveCfg = Debug|x64
		{6A67A066-B219-4E73-ACC4-05BD732EC816}.Debug|x64.Build.0 = Debug|x64
		{6A67A066-B219-4E73-ACC4-05BD732EC816}.Debug|x86.ActiveCfg = Debug|Win32
		{6A67A066-B219-4E73-ACC4-05BD732EC816}.Debug|x86.Build.0 = Debug|Win32
		{6A67A066-B219-4E73-ACC4-05BD732EC816}.Release|x64.ActiveCfg = Release|x64
		{6A67A066-B219-4E73-ACC4-05BD732EC816}.Release|x64.Build.0 = Release|x64
		{6A67A066-B219-4E73-ACC4-05BD732EC816}.Release|x86.ActiveCfg = Release|Win32
		{6A67A066-B219-4E73-ACC4-05BD732EC816}.Release|x86.Build.0 = Release|Win32
		{28822837-463A-44B5-B3E7-787C41FA80BF}.Debug|x64.ActiveCfg = Debug|x64
		{28822837-463A-44B5-B3E7-787C41FA80BF}.Debug|x64.Build.0 = Debug|x64
		{28822837-463A-44B5-B3E7-787C41FA80BF}.Debug|x86.ActiveCfg = Debug|Win32
		{28822837-463A-44B5-B3E7-787C41FA80BF}.Debug|x86.Build.0 = Debug|Win32
		{28822837-463A-44B5-B3E7-787C41FA80BF}.Release|x64.ActiveCfg = Release|x64
		{28822837-463A-44B5-B3E7-787C41FA80BF}.Release|x64.Build.0 = Release|x64
		{28822837-463A-44B5-B3E7-787C41FA80BF}.Release|x86.ActiveCfg = Release|Win32
		{28822837-463A-44B5-B3E7-787C41FA80BF}.Release|x86.Build.0 = Release|Win32
		{2A38D89B-21BA-4499-A670-5E973AE38549}.Debug|x64.ActiveCfg = Debug|x64
		{2A38D89B-21BA-4499-A670-5E973AE38549}.Debug|x64.Build.0 = Debug|x64
		{2A38D89B-21BA-4499-A670-5E973AE38549}.Debug|x86.ActiveCfg = Debug|Win32
		{2A38D89B-21BA-4499-A670-5E973AE38549}.Debug|x86.Build.0 = Debug|Win32
		{2A38D89B-21BA-4499-A670-5E973AE38549}.Release|x64.ActiveCfg = Release|x64
		{2A38D89B-21BA-4499-A670-5E973AE38549}.Release|x64.Build.0 = Release|x64
		{2A38D89B-21BA-4499-A670-5E973AE38549}.Release|x86.ActiveCfg = Release|Win32
		{2A38D89B-21BA-4499-A670-5E973AE38549}.Release|x86.Build.0 = Release|Win32
		{98F705E8-90BA-4277-B1D4-AC7461221AD9}.Debug|x64.ActiveCfg = Debug|x64
		{98F705E8-90BA-4277-B1D4-AC7461221AD9}.Debug|x64.Build.0 = Debug|x64
		{98F705E8-90BA-4277-B1D4-AC7461221AD9}.Debug|x86.ActiveCfg = Debug|Win32
		{98F705E8-90BA-4277-B1D4-AC7461221AD9}.Debug|x86.Build.0 = Debug|Win32
		{98F705E8-90BA-4277-B1D4-AC7461221AD9}.Release|x64.ActiveCfg = Release|x64
		{98F705E8-90BA-4277-B1D4-AC7461221AD9}.Release|x64.Build.0 = Release|x64
		{98F705E8-90BA-4277-B1D4-AC7461221AD9}.Release|x86.ActiveCfg = Release|Win32
		{98F705E8-90BA-4277-B1D4-AC7461221AD9}.Release|x86.Build.0 = Release|Win32
		{0F76235A-F1C6-4574-B9A3-D62BE1B9CEEA}.Debug|x64.ActiveCfg = Debug|x64
		{0F76235A-F1C6-4574-B9A3-D62BE1B9CEEA}.Debug|x64.Build.0 = Debug|x64
		{0F76235A-F1C6-4574-B9A3-D62BE1B9CEEA}.Debug|x86.ActiveCfg = Debug|Win32
		{0F76235A-F1C6-4574-B9A3-D62BE1B9CEEA}.Debug|x86.Build.0 = Debug|Win32
		{0F76235A-F1C6-4574-B9A3-D62BE1B9CEEA}.Release|x64.ActiveCfg = Release|x64
		{0F76235A-F1C6-4574-B9A3-D62BE1B9CEEA}.Release|x64.Build.0 = Release|x64
		{0F76235A-F1C6-4574-B9A3-D62BE1B9CEEA}.Release|x86.ActiveCfg = Release|Win32
		{0F76235A-F1C6-4574-B9A3-D62BE1B9CEEA}.Release|x86.Build.0 = Release|Win32
		{3E00F807-8C62-45F8-B153-E9D7AD7E5C97}.Debug|x64.ActiveCfg = Debug|x64
		{3E00F807-8C62-45F8-B153-E9D7AD7E5C97}.Debug|x64.Build.0 = Debug|x64
		{3E00F807-8C62-45F8-B153-E9D7AD7E5C97}.Debug|x86.ActiveCfg = Debug|Win32
		{3E00F807-8C62-45F8-B153-E9D7AD7E5C97}.Debug|x86.Build.0 = Debug|Win32
		{3E00F807-8C62-45F8-B153-E9D7AD7E5C97}.Release|x64.ActiveCfg = Release|x64
		{3E00F807-8C62-45F8-B153-E9D7AD7E5C97}.Release|x64.Build.0 = Release|x64
		{3E00F807-8C62-45F8-B153-E9D7AD7E5C97}.Release|x86.ActiveCfg = Release|Win32
		{3E00F807-8C62-45F8-B153-E9D7AD7E5C97}.Release|x86.Build.0 = Release|Win32
		{B6D50C08-915B-49F2-A78C-2D90F94824E1}.Debug|x64.ActiveCfg = Debug|x64
		{B6D50C08-915B-49F2-A78C-2D90F94824E1}.Debug|x64.Build.0 = Debug|x64
		{B6D50C08-915B-49F2-A78C-2D90F94824E1}.Debug|x86.ActiveCfg = Debug|Win32
		{B6D50C08-915B-49F2-A78C-2D90F94824E1}.Debug|x86.Build.0 = Debug|Win32
		{B6D50C08-915B-49F2-A78C-2D90F94824E1}.Release|x64.ActiveCfg = Release|x64
		{B6D50C08-915B-49F2-A78C-2D90F94824E1}.Release|x64.Build.0 = Release|x64
		{B6D50C08-915B-49F2-A78C-2D90F94824E1}.Release|x86.ActiveCfg = Release|Win32
		{B6D50C08-915B-49F2-A78C-2D90F94824E1}.Release|x86.Build.0 = Release|Win32
		{C8C7977B-D047-416C-8B41-665C00CAFE08}.Debug|x64.ActiveCfg = Debug|x64
		{C8C7977B-D047-416C-8B41-665C00CAFE08}.Debug|x64.Build.0 = Debug|x64
		{C8C7977B-D047-416C-8B41-665C00CAFE08}.Debug|x86.ActiveCfg = Debug|Win32
		{C8C7977B-D047-416C-8B41-665C00CAFE08}.Debug|x86.Build.0 = Debug|Win32
		{C8C7977B-D047-416C-8B41-665C00CAFE08}.Release|x64.ActiveCfg = Release|x64
		{C8C7977B-D047-416C-8B41-665C00CAFE08}.Release|x64.Build.0 = Release|x64
		{C8C7977B-D047-416C-8B41-665C00CAFE08}.Release|x86.ActiveCfg = Release|Win32
		{C8C7977B-D047-416C-8B41-665C00CAFE08}.Release|x86.Build.0 = Release|Win32
		{A5D1144C-CD68-4AA8-94C0-A415D320BBBE}.Debug|x64.ActiveCfg = Debug|x64
		{A5D1144C-CD68-4AA8-94C0-A415D320BBBE}.Debug|x64.Build.0 = Debug|x64
		{A5D1144C-CD68-4AA8-94C0-A415D320BBBE}.Debug|x86.ActiveCfg = Debug|Win32
		{A5D1144C-CD68-4AA8-94C0-A415D320BBBE}.Debug|x86.Build.0 = Debug|Win32
		{A5D1144C-CD68-4AA8-94C0-A415D320BBBE}.Release|x64.ActiveCfg = Release|x64
		{A5D1144C-CD68-4AA8-94C0-A415D320BBBE}.Release|x64.Build.0 = Release|x64
		{A5D1144C-CD68-4AA8-94C0-A415D320BBBE}.Release|x86.ActiveCfg = Release|Win32
		{A5D1144C-CD68-4AA8-94C0-A415D320BBBE}.Release|x86.Build.0 = Release|Win32
		{458F9AF1-C2D7-42B6-9B71-40598A03A0FA}.Debug|x64.ActiveCfg = Debug|x64
		{458F9AF1-C2D7-42B6-9B71-40598A03A0FA}.Debug|x64.Build.0 = Debug|x64
		{458F9AF1-C2D7-42B6-9B71-40598A03A0FA}.Debug|x86.ActiveCfg = Debug|Win32
		{458F9AF1-C2D7-42B6-9B71-40598A03A0FA}.Debug|x86.Build.0 = Debug|Win32
		{458F9AF1-C2D7-42B6-9B71-40598A03A0FA}.Release|x64.ActiveCfg = Release|x64
		{458F9AF1-C2D7-42B6-9B71-40598A03A0FA}.Release|x64.Build.0 = Release|x64
		{458F9AF1-C2D7-42B6-9B71-40598A03A0FA}.Release|x86.ActiveCfg = Release|Win32
		{458F9AF1-C2D7-42B6-9B71-40598A03A0FA}.Release|x86.Build.0 = Release|Win32
		{6885ADF6-C228-4DEB-950C-6E382FDA4D47}.Debug|x64.ActiveCfg = Debug|x64
		{6885ADF6-C228-4DEB-950C-6E382FDA4D47}.Debug|x64.Build.0 = Debug|x64
		{6885ADF6-C228-4DEB-950C-6E382FDA4D47}.Debug|x86.ActiveCfg = Debug|Win32
		{6885ADF6-C228-4DEB-950C-6E382FDA4D47}.Debug|x86.Build.0 = Debug|Win32
		{6885ADF6-C228-4DEB-950C-6E382FDA4D47}.Release|x64.ActiveCfg = Release|x64
		{6885ADF6-C228-4DEB-950C-6E382FDA4D47}.Release|x64.Build.0 = Release|x64
		{6885ADF6-C228-4DEB-950C-6E382FDA4D47}.Release|x86.ActiveCfg = Release|Win32
		{6885ADF6-C228-4DEB-950C-6E382FDA4D47}.Release|x86.Build.0 = Release|Win32
		{2C65C200-C489-44C9-81FF-8806B9B0C457}.Debug|x64.ActiveCfg = Debug|x64
		{2C65C200-C489-44C9-81FF-8806B9B0C457}.Debug|x64.Build.0 = Debug|x64
		{2C65C200-C489-44C9-81FF-8806B9B0C457}.Debug|x86.ActiveCfg = Debug|Win32
		{2C65C200-C489-44C9-81FF-8806B9B0C457}.Debug|x86.Build.0 = Debug|Win32
		{2C65C200-C489-44C9-81FF-8806B9B0C457}.Release|x64.ActiveCfg = Release|x64
		{2C65C200-C489-44C9-81FF-8806B9B0C457}.Release|x64.Build.0 = Release|x64
		{2C65C200-C489-44C9-81FF-8806B9B0C457}.Release|x86.ActiveCfg = Release|Win32
		{2C65C200-C489-44C9-81FF-8806B9B0C457}.Release|x86.Build.0 = Release|Win32
		{F71FCA70-B3C9-4E2A-BAE2-3E5F591C7B1E}.Debug|x64.ActiveCfg = Debug|x64
		{F71FCA70-B3C9-4E2A-BAE2-3E5F591C7B1E}.Debug|x64.Build.0 = Debug|x64
		{F71FCA70-B3C9-4E2A-BAE2-3E5F591C7B1E}.Debug|x86.ActiveCfg = Debug|Win32
		{F71FCA70-B3C9-4E2A-BAE2-3E5F591C7B1E}.Debug|x86.Build.0 = Debug|Win32
		{F71FCA70-B3C9-4E2A-BAE2-3E5F591C7B1E}.Release|x64.ActiveCfg = Release|x64
		{F71FCA70-B3C9-4E2A-BAE2-3E5F591C7B1E}.Release|x64.Build.0 = Release|x64
		{F71FCA70-B3C9-4E2A-BAE2-3E5F591C7B1E}.Release|x86.ActiveCfg = Release|Win32
		{F71FCA70-B3C9-4E2A-BAE2-3E5F591C7B1E}.Release|x86.Build.0 = Release|Win32
		{5C591DA4-0A45-40BC-ACBF-A0C17894F569}.Debug|x64.ActiveCfg = Debug|x64
		{5C591DA4-0A45-40BC-ACBF-A0C17894F569}.Debug|x64.Build.0 = Debug|x64
		{5C591DA4-0A45-40BC-ACBF-A0C17894F569}.Debug|x86.ActiveCfg = Debug|Win32
		{5C591DA4-0A45-40BC-ACBF-A0C17894F569}.Debug|x86.Build.0 = Debug|Win32
		{5C591DA4-0A45-40BC-ACBF-A0C17894F569}.Release|x64.ActiveCfg = Release|x64
		{5C591DA4-0A45-40BC-ACBF-A0C17894F569}.Release|x64.Build.0 = Release|x64
		{5C591DA4-0A45-40BC-ACBF-A0C17894F569}.Release|x86.ActiveCfg = Release|Win32
		{5C591DA4-0A45-40BC-ACBF-A0C17894F569}.Release|x86.Build.0 = Release|Win32
		{84C32C3B-4C07-4D98-9064-6072CE7899ED}.Debug|x64.ActiveCfg = Debug|x64
		{84C32C3B-4C07-4D98-9064-6072CE7899ED}.Debug|x64.Build.0 = Debug|x64
		{84C32C3B-4C07-4D98-9064-6072CE7899ED}.Debug|x86.ActiveCfg = Debug|Win32
		{84C32C3B-4C07-4D98-9064-6072CE7899ED}.Debug|x86.Build.0 = Debug|Win32
		{84C32C3B-4C07-4D98-9064-6072CE7899ED}.Release|x64.ActiveCfg = Release|x64
		{84C32C3B-4C07-4D98-9064-6072CE7899ED}.Release|x64.Build.0 = Release|x64
		{84C32C3B-4C07-4D98-9064-6072CE7899ED}.Release|x86.ActiveCfg = Release|Win32
		{84C32C3B-4C07-4D98-9064-6072CE7899ED}.Release|x86.Build.0 = Release|Win32
		{0EEA6A2A-AADF-40CC-ABF5-04BF7E7376D0}.Debug|x64.ActiveCfg = Debug|x64
		{0EEA6A2A-AADF-40CC-ABF5-04BF7E7376D0}.Debug|x64.Build.0 = Debug|x64
		{0EEA6A2A-AADF-40CC-ABF5-04BF7E7376D0}.Debug|x86.ActiveCfg = Debug|Win32
		{0EEA6A2A-AADF-40CC-ABF5-04BF7E7376D0}.Debug|x86.Build.0 = Debug|Win32
		{0EEA6A2A-AADF-40CC-ABF5-04BF7E7376D0}.Release|x64.ActiveCfg = Release|x64
		{0EEA6A2A-AADF-40CC-ABF5-04BF7E7376D0}.Release|x64.Build.0 = Release|x64
		{0EEA6A2A-AADF-40CC-ABF5-04BF7E7376D0}.Release|x86.ActiveCfg = Release|Win32
		{0EEA6A2A-AADF-40CC-ABF5-04BF7E7376D0}.Release|x86.Build.0 = Release|Win32
		{AE2482E9-6620-47E0-9A36-96158C4C8B03}.Debug|x64.ActiveCfg = Debug|x64
		{AE2482E9-6620-47E0-9A36-96158C4C8B03}.Debug|x64.Build.0 = Debug|x64
		{AE2482E9-6620-47E0-9A36-96158C4C8B03}.Debug|x86.ActiveCfg = Debug|Win32
		{AE2482E9-6620-47E0-9A36-96158C4C8B03}.Debug|x86.Build.0 = Debug|Win32
		{AE2482E9-6620-47E0-9A36-96158C4C8B03}.Release|x64.ActiveCfg = Release|x64
		{AE2482E9-6620-47E0-9A36-96158C4C8B03}.Release|x64.Build.0 = Release|x64
		{AE2482E9-6620-47E0-9A36-96158C4C8B03}.Release|x86.ActiveCfg = Release|Win32
		{AE2482E9-6620-47E0-9A36-96158C4C8B03}.Release|x86.Build.0 = Release|Win32
		{F7059EA2-127E-462E-B922-D82AD220963F}.Debug|x64.ActiveCfg = Debug|x64
		{F7059EA2-127E-462E-B922-D82AD220963F}.Debug|x64.Build.0 = Debug|x64
		{F7059EA2-127E-462E-B922-D82AD220963F}.Debug|x86.ActiveCfg = Debug|Win32
		{F7059EA2-127E-462E-B922-D82AD220963F}.Debug|x86.Build.0 = Debug|Win32
		{F7059EA2-127E-462E-B922-D82AD220963F}.Release|x64.ActiveCfg = Release|x64
		{F7059EA2-127E-462E-B922-D82AD220963F}.Release|x64.Build.0 = Release|x64
		{F7059EA2-127E-462E-B922-D82AD220963F}.Release|x86.ActiveCfg = Release|Win32
		{F7059EA2-127E-462E-B922-D82AD220963F}.Release|x86.Build.0 = Release|Win32
		{A7A11F10-C06D-4232-8622-BA4B14E22943}.Debug|x64.ActiveCfg = Debug|x64
		{A7A11F10-C06D-4232-8622-BA4B14E22943}.Debug|x64.Build.0 = Debug|x64
		{A7A11F10-C06D-4232-8622-BA4B14E22943}.Debug|x86.ActiveCfg = Debug|Win32
		{A7A11F10-C06D-4232-8622-BA4B14E22943}.Debug|x86.Build.0 = Debug|Win32
		{A7A11F10-C06D-4232-8622-BA4B14E22943}.Release|x64.ActiveCfg = Release|x64
		{A7A11F10-C06D-4232-8622-BA4B14E22943}.Release|x64.Build.0 = Release|x64
		{A7A11F10-C06D-4232-8622-BA4B14E22943}.Release|x86.ActiveCfg = Release|Win32
		{A7A11F10-C06D-4232-8622-BA4B14E22943}.Release|x86.Build.0 = Release|Win32
		{1894428B-FBC8-4E13-82E6-824CA8B2DC8E}.Debug|x64.ActiveCfg = Debug|x64
		{1894428B-FBC8-4E13-82E6-824CA8B2DC8E}.Debug|x64.Build.0 = Debug|x64
		{1894428B-FBC8-4E13-82E6-824CA8B2DC8E}.Debug|x86.ActiveCfg = Debug|Win32
		{1894428B-FBC8-4E13-82E6-824CA8B2DC8E}.Debug|x86.Build.0 = Debug|Win32
		{1894428B-FBC8-4E13-82E6-824CA8B2DC8E}.Release|x64.ActiveCfg = Release|x64
		{1894428B-FBC8-4E13-82E6-824CA8B2DC8E}.Release|x64.Build.0 = Release|x64
		{1894428B-FBC8-4E13-82E6-824CA8B2DC8E}.Release|x86.ActiveCfg = Release|Win32
		{1894428B-FBC8-4E13-82E6-824CA8B2DC8E}.Release|x86.Build.0 = Release|Win32
		{42A269D4-2806-4BD2-B361-E63D567AF0D6}.Debug|x64.ActiveCfg = Debug|x64
		{42A269D4-2806-4BD2-B361-E63D567AF0D6}.Debug|x64.Build.0 = Debug|x64
		{42A269D4-2806-4BD2-B361-E63D567AF0D6}.Debug|x86.ActiveCfg = Debug|Win32
		{42A269D4-2806-4BD2-B361-E63D567AF0D6}.Debug|x86.Build.0 = Debug|Win32
		{42A269D4-2806-4BD2-B361-E63D567AF0D6}.Release|x64.ActiveCfg = Release|x64
		{42A269D4-2806-4BD2-B361-E63D567AF0D6}.Release|x64.Build.0 = Release|x64
		{42A269D4-2806-4BD2-B361-E63D567AF0D6}.Release|x86.ActiveCfg = Release|Win32
		{42A269D4-2806-4BD2-B361-E63D567AF0D6}.Release|x86.Build.0 = Release|Win32
		{EE2C9E46-0568-45A2-938A-174CEC78C878}.Debug|x64.ActiveCfg = Debug|x64
		{EE2C9E46-0568-45A2-938A-174CEC78C878}.Debug|x64.Build.0 = Debug|x64
		{EE2C9E46-0568-45A2-938A-174CEC78C878}.Debug|x86.ActiveCfg = Debug|Win32
		{EE2C9E46-0568-45A2-938A-174CEC78C878}.Debug|x86.Build.0 = Debug|Win32
		{EE2C9E46-0568-45A2-938A-174CEC78C878}.Release|x64.ActiveCfg = Release|x64
		{EE2C9E46-0568-45A2-938A-174CEC78C878}.Release|x64.Build.0 = Release|x64
		{EE2C9E46-0568-45A2-938A-174CEC78C878}.Release|x86.ActiveCfg = Release|Win32
		{EE2C9E46-0568-45A2-938A-174CEC78C878}.Release|x86.Build.0 = Release|Win32
		{CBAED919-B848-49FA-9E2F-2A3F7F38BBB9}.Debug|x64.ActiveCfg = Debug|x64
		{CBAED919-B848-49FA-9E2F-2A3F7F38BBB9}.Debug|x64.Build.0 = Debug|x64
		{CBAED919-B848-49FA-9E2F-2A3F7F38BBB9}.Debug|x86.ActiveCfg = Debug|Win32
		{CBAED919-B848-49FA-9E2F-2A3F7F38BBB9}.Debug|x86.Build.0 = Debug|Win32
		{CBAED919-B848-49FA-9E2F-2A3F7F38BBB9}.Release|x64.ActiveCfg = Release|x64
		{CBAED919-B848-49FA-9E2F-2A3F7F38BBB9}.Release|x64.Build.0 = Release|x64
		{CBAED919-B848-49FA-9E2F-2A3F7F38BBB9}.Release|x86.ActiveCfg = Release|Win32
		{CBAED919-B848-49FA-9E2F-2A3F7F38BBB9}.Release|x86.Build.0 = Release|Win32
		{735F0E09-CAED-4D7D-A2E8-14C363458AC1}.Debug|x64.ActiveCfg = Debug|x64
		{735F0E09-CAED-4D7D-A2E8-14C363458AC1}.Debug|x64.Build.0 = Debug|x64
		{735F0E09-CAED-4D7D-A2E8-14C363458AC1}.Debug|x86.ActiveCfg = Debug|Win32
		{735F0E09-CAED-4D7D-A2E8-14C363458AC1}.Debug|x86.Build.0 = Debug|Win32
		{735F0E09-CAED-4D7D-A2E8-14C363458AC1}.Release|x64.ActiveCfg = Release|x64
		{735F0E09-CAED-4D7D-A2E8-14C363458AC1}.Release|x64.Build.0 = Release|x64
		{735F0E09-CAED-4D7D-A2E8-14C363458AC1}.Release|x86.ActiveCfg = Release|Win32
		{735F0E09-CAED-4D7D-A2E8-14C363458AC1}.Release|x86.Build.0 = Release|Win32
		{4412AC34-1942-494E-81D2-40A5CFB8029B}.Debug|x64.ActiveCfg = Debug|x64
		{4412AC34-1942-494E-81D2-40A5CFB8029B}.Debug|x64.Build.0 = Debug|x64
		{4412AC34-1942-494E-81D2-40A5CFB8029B}.Debug|x86.ActiveCfg = Debug|Win32
		{4412AC34-1942-494E-81D2-40A5CFB8029B}.Debug|x86.Build.0 = Debug|Win32
		{4412AC34-1942-494E-81D2-40A5CFB8029B}.Release|x64.ActiveCfg = Release|x64
		{4412AC34-1942-494E-81D2-40A5CFB8029B}.Release|x64.Build.0 = Release|x64
		{4412AC34-1942-494E-81D2-40A5CFB8029B}.Release|x86.ActiveCfg = Release|Win32
		{4412AC34-1942-494E-81D2-40A5CFB8029B}.Release|x86.Build.0 = Release|Win32
		{E026C2FC-29F9-446E-808D-B1A92A873990}.Debug|x64.ActiveCfg = Debug|x64
		{E026C2FC-29F9-446E-808D-B1A92A873990}.Debug|x64.Build.0 = Debug|x64
		{E026C2FC-29F9-446E-808D-B1A92A873990}.Debug|x86.ActiveCfg = Debug|Win32
		{E026C2FC-29F9-446E-808D-B1A92A873990}.Debug|x86.Build.0 = Debug|Win32
		{E026C2FC-29F9-446E-808D-B1A92A873990}.Release|x64.ActiveCfg = Release|x64
		{E026C2FC-29F9-446E-808D-B1A92A873990}.Release|x64.Build.0 = Release|x64
		{E026C2FC-29F9-446E-808D-B1A92A873990}.Release|x86.ActiveCfg = Release|Win32
		{E026C2FC-29F9-446E-808D-B1A92A873990}.Release|x86.Build.0 = Release|Win32
		{75813F81-F828-4FA7-8A98-6880815E7842}.Debug|x64.ActiveCfg = Debug|x64
		{75813F81-F828-4FA7-8A98-6880815E7842}.Debug|x64.Build.0 = Debug|x64
		{75813F81-F828-4FA7-8A98-6880815E7842}.Debug|x86.ActiveCfg = Debug|Win32
		{75813F81-F828-4FA7-8A98-6880815E7842}.Debug|x86.Build.0 = Debug|Win32
		{75813F81-F828-4FA7-8A98-6880815E7842}.Release|x64.ActiveCfg = Release|x64
		{75813F81-F828-4FA7-8A98-6880815E7842}.Release|x64.Build.0 = Release|x64
		{75813F81-F828-4FA7-8A98-6880815E7842}.Release|x86.ActiveCfg = Release|Win32
		{75813F81-F828-4FA7-8A98-6880815E7842}.Release|x86.Build.0 = Release|Win32
		{9F91E1F9-4231-44E8-9C2D-9049723CC193}.Debug|x64.ActiveCfg = Debug|x64
		{9F91E1F9-4231-44E8-9C2D-9049723CC193}.Debug|x64.Build.0 = Debug|x64
		{9F91E1F9-4231-44E8-9C2D-9049723CC193}.Debug|x86.ActiveCfg = Debug|Win32
		{9F91E1F9-4231-44E8-9C2D-9049723CC193}.Debug|x86.Build.0 = Debug|Win32
		{9F91E1F9-4231-44E8-9C2D-9049723CC193}.Release|x64.ActiveCfg = Release|x64
		{9F91E1F9-4231-44E8-9C2D-9049723CC193}.Release|x64.Build.0 = Release|x64
		{9F91E1F9-4231-44E8-9C2D-9049723CC193}.Release|x86.ActiveCfg = Release|Win32
		{9F91E1F9-4231-44E8-9C2D-9049723CC193}.Release|x86.Build.0 = Release|Win32
		{6EAC9462-E0E7-48E4-9F07-963066A3FA56}.Debug|x64.ActiveCfg = Debug|x64
		{6EAC9462-E0E7-48E4-9F07-963066A3FA56}.Debug|x64.Build.0 = Debug|x64
		{6EAC9462-E0E7-48E4-9F07-963066A3FA56}.Debug|x86.ActiveCfg = Debug|Win32
		{6EAC9462-E0E7-48E4-9F07-963066A3FA56}.Debug|x86.Build.0 = Debug|Win32
		{6EAC9462-E0E7-48E4-9F07-963066A3FA56}.Release|x64.ActiveCfg = Release|x64
		{6EAC9462-E0E7-48E4-9F07-963066A3FA56}.Release|x64.Build.0 = Release|x64
		{6EAC9462-E0E7-48E4-9F07-963066A3FA56}.Release|x86.ActiveCfg = Release|Win32
		{6EAC9462-E0E7-48E4-9F07-963066A3FA56}.Release|x86.Build.0 = Release|Win32
		{E476E54E-3662-4CCC-B6CB-6E2468C50A0F}.Debug|x64.ActiveCfg = Debug|x64
		{E476E54E-3662-4CCC-B6CB-6E2468C50A0F}.Debug|x64.Build.0 = Debug|x64
		{E476E54E-3662-4CCC-B6CB-6E2468C50A0F}.Debug|x86.ActiveCfg = Debug|Win32
		{E476E54E-3662-4CCC-B6CB-6E2468C50A0F}.Debug|x86.Build.0 = Debug|Win32
		{E476E54E-3662-4CCC-B6CB-6E2468C50A0F}.Release|x64.ActiveCfg = Release|x64
		{E476E54E-3662-4CCC-B6CB-6E2468C50A0F}.Release|x64.Build.0 = Release|x64
		{E476E54E-3662-4CCC-B6CB-6E2468C50A0F}.Release|x86.ActiveCfg = Release|Win32
		{E476E54E-3662-4CCC-B6CB-6E2468C50A0F}.Release|x86.Build.0 = Release|Win32
		{51AB7B9D-5A4B-467B-BAF8-8C1B1C79BE80}.Debug|x64.ActiveCfg = Debug|x64
		{51AB7B9D-5A4B-467B-BAF8-8C1B1C79BE80}.Debug|x64.Build.0 = Debug|x64
		{51AB7B9D-5A4B-467B-BAF8-8C1B1C79BE80}.Debug|x86.ActiveCfg = Debug|Win32
		{51AB7B9D-5A4B-467B-BAF8-8C1B1C79BE80}.Debug|x86.Build.0 = Debug|Win32
		{51AB7B9D-5A4B-467B-BAF8-8C1B1C79BE80}.Release|x64.ActiveCfg = Release|x64
		{51AB7B9D-5A4B-467B-BAF8-8C1B1C79BE80}.Release|x64.Build.0 = Release|x64
		{51AB7B9D-5A4B-467B-BAF8-8C1B1C79BE80}.Release|x86.ActiveCfg = Release|Win32
		{51AB7B9D-5A4B-467B-BAF8-8C1B1C79BE80}.Release|x86.Build.0 = Release|Win32
		{A7C1FDAE-71D8-4528-9209-1D5C81BB55A2}.Debug|x64.ActiveCfg = Debug|x64
		{A7C1FDAE-71D8-4528-9209-1D5C81BB55A2}.Debug|x64.Build.0 = Debug|x64
		{A7C1FDAE-71D8-4528-9209-1D5C81BB55A2}.Debug|x86.ActiveCfg = Debug|Win32
		{A7C1FDAE-71D8-4528-9209-1D5C81BB55A2}.Debug|x86.Build.0 = Debug|Win32
		{A7C1FDAE-71D8-4528-9209-1D5C81BB55A2}.Release|x64.ActiveCfg = Release|x64
		{A7C1FDAE-71D8-4528-9209-1D5C81BB55A2}.Release|x64.Build.0 = Release|x64
		{A7C1FDAE-71D8-4528-9209-1D5C81BB55A2}.Release|x86.ActiveCfg = Release|Win32
		{A7C1FDAE-71D8-4528-9209-1D5C81BB55A2}.Release|x86.Build.0 = Release|Win32
		{AE728F71-4F2B-43D9-8937-3E8BA0A1A1FF}.Debug|x64.ActiveCfg = Debug|x64
		{AE728F71-4F2B-43D9-8937-3E8BA0A1A1FF}.Debug|x64.Build.0 = Debug|x64
		{AE728F71-4F2B-43D9-8937-3E8BA0A1A1FF}.Debug|x86.ActiveCfg = Debug|Win32
		{AE728F71-4F2B-43D9-8937-3E8BA0A1A1FF}.Debug|x86.Build.0 = Debug|Win32
		{AE728F71-4F2B-43D9-8937-3E8BA0A1A1FF}.Release|x64.ActiveCfg = Release|x64
		{AE728F71-4F2B-43D9-8937-3E8BA0A1A1FF}.Release|x64.Build.0 = Release|x64
		{AE728F71-4F2B-43D9-8937-3E8BA0A1A1FF}.Release|x86.ActiveCfg = Release|Win32
		{AE728F71-4F2B-43D9-8937-3E8BA0A1A1FF}.Release|x86.Build.0 = Release|Win32
		{53B42F1E-D69D-4877-97EC-8C9D7431F68E}.Debug|x64.ActiveCfg = Debug|x64
		{53B42F1E-D69D-4877-97EC-8C9D7431F68E}.Debug|x64.Build.0 = Debug|x64
		{53B42F1E-D69D-4877-97EC-8C9D7431F68E}.Debug|x86.ActiveCfg = Debug|Win32
		{53B42F1E-D69D-4877-97EC-8C9D7431F68E}.Debug|x86.Build.0 = Debug|Win32
		{53B42F1E-D69D-4877-97EC-8C9D7431F68E}.Release|x64.ActiveCfg = Release|x64
		{53B42F1E-D69D-4877-97EC-8C9D7431F68E}.Release|x64.Build.0 = Release|x64
		{53B42F1E-D69D-4877-97EC-8C9D7431F68E}.Release|x86.ActiveCfg = Release|Win32
		{53B42F1E-D69D-4877-97EC-8C9D7431F68E}.Release|x86.Build.0 = Release|Win32
		{D369E7EF-1476-478E-B23A-55B1F336C1A1}.Debug|x64.ActiveCfg = Debug|x64
		{D369E7EF-1476-478E-B23A-55B1F336C1A1}.Debug|x64.Build.0 = Debug|x64
		{D369E7EF-1476-478E-B23A-55B1F336C1A1}.Debug|x86.ActiveCfg = Debug|Win32
		{D369E7EF-1476-478E-B23A-55B1F336C1A1}.Debug|x86.Build.0 = Debug|Win32
		{D369E7EF-1476-478E-B23A-55B1F336C1A1}.Release|x64.ActiveCfg = Release|x64
		{D369E7EF-1476-478E-B23A-55B1F336C1A1}.Release|x64.Build.0 = Release|x64
		{D369E7EF-1476-478E-B23A-55B1F336C1A1}.Release|x86.ActiveCfg = Release|Win32
		{D369E7EF-1476-478E-B23A-55B1F336C1A1}.Release|x86.Build.0 = Release|Win32
		{C5A8CEA8-CE29-4712-A568-474F3CBD8F86}.Debug|x64.ActiveCfg = Debug|x64
		{C5A8CEA8-CE29-4712-A568-474F3CBD8F86}.Debug|x64.Build.0 = Debug|x64
		{C5A8CEA8-CE29-4712-A568-474F3CBD8F86}.Debug|x86.ActiveCfg = Debug|Win32
		{C5A8CEA8-CE29-4712-A568-474F3CBD8F86}.Debug|x86.Build.0 = Debug|Win32
		{C5A8CEA8-CE29-4712-A568-474F3CBD8F86}.Release|x64.ActiveCfg = Release|x64
		{C5A8CEA8-CE29-4712-A568-474F3CBD8F86}.Release|x64.Build.0 = Release|x64
		{C5A8CEA8-CE29-4712-A568-474F3CBD8F86}.Release|x86.ActiveCfg = Release|Win32
		{C5A8CEA8-CE29-4712-A568-474F3CBD8F86}.Release|x86.Build.0 = Release|Win32
		{FCBA0D3D-224A-4B84-A705-AFB069456B36}.Debug|x64.ActiveCfg = Debug|x64
		{FCBA0D3D-224A-4B84-A705-AFB069456B36}.Debug|x64.Build.0 = Debug|x64
		{FCBA0D3D-224A-4B84-A705-AFB069456B36}.Debug|x86.ActiveCfg = Debug|Win32
		{FCBA0D3D-224A-4B84-A705-AFB069456B36}.Debug|x86.Build.0 = Debug|Win32
		{FCBA0D3D-224A-4B84-A705-AFB069456B36}.Release|x64.ActiveCfg = Release|x64
		{FCBA0D3D-224A-4B84-A705-AFB069456B36}.Release|x64.Build.0 = Release|x64
		{FCBA0D3D-224A-4B84-A705-AFB069456B36}.Release|x86.ActiveCfg = Release|Win32
		{FCBA0D3D-224A-4B84-A705-AFB069456B36}.Release|x86.Build.0 = Release|Win32
		{24702F01-A67F-4C4E-901F-16D990CEE211}.Debug|x64.ActiveCfg = Debug|x64
		{24702F01-A67F-4C4E-901F-16D990CEE211}.Debug|x64.Build.0 = Debug|x64
		{24702F01-A67F-4C4E-901F-16D990CEE211}.Debug|x86.ActiveCfg = Debug|Win32
		{24702F01-A67F-4C4E-901F-16D990CEE211}.Debug|x86.Build.0 = Debug|Win32
		{24702F01-A67F-4C4E-901F-16D990CEE211}.Release|x64.ActiveCfg = Release|x64
		{24702F01-A67F-4C4E-901F-16D990CEE211}.Release|x64.Build.0 = Release|x64
		{24702F01-A67F-4C4E-901F-16D990CEE211}.Release|x86.ActiveCfg = Release|Win32
		{24702F01-A67F-4C4E-901F-16D990CEE211}.Release|x86.Build.0 = Release|Win32
		{BB6ACE8A-4974-41F3-BB86-2D8B9A8A2E95}.Debug|x64.ActiveCfg = Debug|x64
		{BB6ACE8A-4974-41F3-BB86-2D8B9A8A2E95}.Debug|x64.Build.0 = Debug|x64
		{BB6ACE8A-4974-41F3-BB86-2D8B9A8A2E95}.Debug|x86.ActiveCfg = Debug|Win32
		{BB6ACE8A-4974-41F3-BB86-2D8B9A8A2E95}.Debug|x86.Build.0 = Debug|Win32
		{BB6ACE8A-4974-41F3-BB86-2D8B9A8A2E95}.Release|x64.ActiveCfg = Release|x64
		{BB6ACE8A-4974-41F3-BB86-2D8B9A8A2E95}.Release|x64.Build.0 = Release|x64
		{BB6ACE8A-4974-41F3-BB86-2D8B9A8A2E95}.Release|x86.ActiveCfg = Release|Win32
		{BB6ACE8A-4974-41F3-BB86-2D8B9A8A2E95}.Release|x86.Build.0 = Release|Win32
		{3A02B0AF-6547-4A15-89BF-699F351E77B8}.Debug|x64.ActiveCfg = Debug|x64
		{3A02B0AF-6547-4A15-89BF-699F351E77B8}.Debug|x64.Build.0 = Debug|x64
		{3A02B0AF-6547-4A15-89BF-699F351E77B8}.Debug|x86.ActiveCfg = Debug|Win32
		{3A02B0AF-6547-4A15-89BF-699F351E77B8}.Debug|x86.Build.0 = Debug|Win32
		{3A02B0AF-6547-4A15-89BF-699F351E77B8}.Release|x64.ActiveCfg = Release|x64
		{3A02B0AF-6547-4A15-89BF-699F351E77B8}.Release|x64.Build.0 = Release|x64
		{3A02B0AF-6547-4A15-89BF-699F351E77B8}.Release|x86.ActiveCfg = Release|Win32
		{3A02B0AF-6547-4A15-89BF-699F351E77B8}.Release|x86.Build.0 = Release|Win32
		{3B7CCC73-41F7-4682-9F1D-CD950E596AF9}.Debug|x64.ActiveCfg = Debug|x64
		{3B7CCC73-41F7-4682-9F1D-CD950E596AF9}.Debug|x64.Build.0 = Debug|x64
		{3B7CCC73-41F7-4682-9F1D-CD950E596AF9}.Debug|x86.ActiveCfg = Debug|Win32
		{3B7CCC73-41F7-4682-9F1D-CD950E596AF9}.Debug|x86.Build.0 = Debug|Win32
		{3B7CCC73-41F7-4682-9F1D-CD950E596AF9}.Release|x64.ActiveCfg = Release|x64
		{3B7CCC73-41F7-4682-9F1D-CD950E596AF9}.Release|x64.Build.0 = Release|x64
		{3B7CCC73-41F7-4682-9F1D-CD950E596AF9}.Release|x86.ActiveCfg = Release|Win32
		{3B7CCC73-41F7-4682-9F1D-CD950E596AF9}.Release|x86.Build.0 = Release|Win32
		{A441A776-65AD-44C9-926D-0320E10BFA44}.Debug|x64.ActiveCfg = Debug|x64
		{A441A776-65AD-44C9-926D-0320E10BFA44}.Debug|x64.Build.0 = Debug|x64
		{A441A776-65AD-44C9-926D-0320E10BFA44}.Debug|x86.ActiveCfg = Debug|Win32
		{A441A776-65AD-44C9-926D-0320E10BFA44}.Debug|x86.Build.0 = Debug|Win32
		{A441A776-65AD-44C9-926D-0320E10BFA44}.Release|x64.ActiveCfg = Release|x64
		{A441A776-65AD-44C9-926D-0320E10BFA44}.Release|x64.Build.0 = Release|x64
		{A441A776-65AD-44C9-926D-0320E10BFA44}.Release|x86.ActiveCfg = Release|Win32
		{A441A776-65AD-44C9-926D-0320E10BFA44}.Release|x86.Build.0 = Release|Win32
		{A46E12A0-9569-4E3D-BD63-B97F58BA9EC4}.Debug|x64.ActiveCfg = Debug|x64
		{A46E12A0-9569-4E3D-BD63-B97F58BA9EC4}.Debug|x64.Build.0 = Debug|x64
		{A46E12A0-9569-4E3D-BD63-B97F58BA9EC4}.Debug|x86.ActiveCfg = Debug|Win32
		{A46E12A0-9569-4E3D-BD63-B97F58BA9EC4}.Debug|x86.Build.0 = Debug|Win32
		{A46E12A0-9569-4E3D-BD63-B97F58BA9EC4}.Release|x64.ActiveCfg = Release|x64
		{A46E12A0-9569-4E3D-BD63-B97F58BA9EC4}.Release|x64.Build.0 = Release|x64
		{A46E12A0-9569-4E3D-BD63-B97F58BA9EC4}.Release|x86.ActiveCfg = Release|Win32
		{A46E12A0-9569-4E3D-BD63-B97F58BA9EC4}.Release|x86.Build.0 = Release|Win32
		{9EF92569-B2C8-4F3F-85D4-F9644CB0F48F}.Debug|x64.ActiveCfg = Debug|x64
		{9EF92569-B2C8-4F3F-85D4-F9644CB0F48F}.Debug|x64.Build.0 = Debug|x64
		{9EF92569-B2C8-4F3F-85D4-F9644CB0F48F}.Debug|x86.ActiveCfg = Debug|Win32
		{9EF92569-B2C8-4F3F-85D4-F9644CB0F48F}.Debug|x86.Build.0 = Debug|Win32
		{9EF92569-B2C8-4F3F-85D4-F9644CB0F48F}.Release|x64.ActiveCfg = Release|x64
		{9EF92569-B2C8-4F3F-85D4-F9644CB0F48F}.Release|x64.Build.0 = Release|x64
		{9EF92569-B2C8-4F3F-85D4-F9644CB0F48F}.Release|x86.ActiveCfg = Release|Win32
		{9EF92569-B2C8-4F3F-85D4-F9644CB0F48F}.Release|x86.Build.0 = Release|Win32
		{FF5951F0-7C66-431C-A51D-00297F7D9F37}.Debug|x64.ActiveCfg = Debug|x64
		{FF5951F0-7C66-431C-A51D-00297F7D9F37}.Debug|x64.Build.0 = Debug|x64
		{FF5951F0-7C66-431C-A51D-00297F7D9F37}.Debug|x86.ActiveCfg = Debug|Win32
		{FF5951F0-7C66-431C-A51D-00297F7D9F37}.Debug|x86.Build.0 = Debug|Win32
		{FF5951F0-7C66-431C-A51D-00297F7D9F37}.Release|x64.ActiveCfg = Release|x64
		{FF5951F0-7C66-431C-A51D-00297F7D9F37}.Release|x64.Build.0 = Release|x64
		{FF5951F0-7C66-431C-A51D-00297F7D9F37}.Release|x86.ActiveCfg = Release|Win32
		{FF5951F0-7C66-431C-A51D-00297F7D9F37}.Release|x86.Build.0 = Release|Win32
		{DBE1E5FF-1F9D-4544-AB6F-5378E7BE1D80}.Debug|x64.ActiveCfg = Debug|x64
		{DBE1E5FF-1F9D-4544-AB6F-5378E7BE1D80}.Debug|x64.Build.0 = Debug|x64
		{DBE1E5FF-1F9D-4544-AB6F-5378E7BE1D80}.Debug|x86.ActiveCfg = Debug|Win32
		{DBE1E5FF-1F9D-4544-AB6F-5378E7BE1D80}.Debug|x86.Build.0 = Debug|Win32
		{DBE1E5FF-1F9D-4544-AB6F-5378E7BE1D80}.Release|x64.ActiveCfg = Release|x64
		{DBE1E5FF-1F9D-4544-AB6F-5378E7BE1D80}.Release|x64.Build.0 = Release|x64
		{DBE1E5FF-1F9D-4544-AB6F-5378E7BE1D80}.Release|x86.ActiveCfg = Release|Win32
		{DBE1E5FF-1F9D-4544-AB6F-5378E7BE1D80}.Release|x86.Build.0 = Release|Win32
		{CAC8F048-5D89-4518-9AB7-715D19020795}.Debug|x64.ActiveCfg = Debug|x64
		{CAC8F048-5D89-4518-9AB7-715D19020795}.Debug|x64.Build.0 = Debug|x64
		{CAC8F048-5D89-4518-9AB7-715D19020795}.Debug|x86.ActiveCfg = Debug|Win32
		{CAC8F048-5D89-4518-9AB7-715D19020795}.Debug|x86.Build.0 = Debug|Win32
		{CAC8F048-5D89-4518-9AB7-715D19020795}.Release|x64.ActiveCfg = Release|x64
		{CAC8F048-5D89-4518-9AB7-715D19020795}.Release|x64.Build.0 = Release|x64
		{CAC8F048-5D89-4518-9AB7-715D19020795}.Release|x86.ActiveCfg = Release|Win32
		{CAC8F048-5D89-4518-9AB7-715D19020795}.Release|x86.Build.0 = Release|Win32
		{495DD020-D1DA-408B-A8C9-E16DE1F56947}.Debug|x64.ActiveCfg = Debug|x64
		{495DD020-D1DA-408B-A8C9-E16DE1F56947}.Debug|x64.Build.0 = Debug|x64
		{495DD020-D1DA-408B-A8C9-E16DE1F56947}.Debug|x86.ActiveCfg = Debug|Win32
		{495DD020-D1DA-408B-A8C9-E16DE1F56947}.Debug|x86.Build.0 = Debug|Win32
		{495DD020-D1DA-408B-A8C9-E16DE1F56947}.Release|x64.ActiveCfg = Release|x64
		{495DD020-D1DA-408B-A8C9-E16DE1F56947}.Release|x64.Build.0 = Release|x64
		{495DD020-D1DA-408B-A8C9-E16DE1F56947}.Release|x86.ActiveCfg = Release|Win32
		{495DD020-D1DA-408B-A8C9-E16DE1F56947}.Release|x86.Build.0 = Release|Win32
		{1A493DD9-8902-4DFE-B48E-C59E9666C10F}.Debug|x64.ActiveCfg = Debug|x64
		{1A493DD9-8902-4DFE-B48E-C59E9666C10F}.Debug|x64.Build.0 = Debug|x64
		{1A493DD9-8902-4DFE-B48E-C59E9666C10F}.Debug|x86.ActiveCfg = Debug|Win32
		{1A493DD9-8902-4DFE-B48E-C59E9666C10F}.Debug|x86.Build.0 = Debug|Win32
		{1A493DD9-8902-4DFE-B48E-C59E9666C10F}.Release|x64.ActiveCfg = Release|x64
		{1A493DD9-8902-4DFE-B48E-C59E9666C10F}.Release|x64.Build.0 = Release|x64
		{1A493DD9-8902-4DFE-B48E-C59E9666C10F}.Release|x86.ActiveCfg = Release|Win32
		{1A493DD9-8902-4DFE-B48E-C59E9666C10F}.Release|x86.Build.0 = Release|Win32
		{EFB82B37-9BB1-408D-A02F-38D56CB33DFC}.Debug|x64.ActiveCfg = Debug|x64
		{EFB82B37-9BB1-408D-A02F-38D56CB33DFC}.Debug|x64.Build.0 = Debug|x64
		{EFB82B37-9BB1-408D-A02F-38D56CB33DFC}.Debug|x86.ActiveCfg = Debug|Win32
		{EFB82B37-9BB1-408D-A02F-38D56CB33DFC}.Debug|x86.Build.0 = Debug|Win32
		{EFB82B37-9BB1-408D-A02F-38D56CB33DFC}.Release|x64.ActiveCfg = Release|x64
		{EFB82B37-9BB1-408D-A02F-38D56CB33DFC}.Release|x64.Build.0 = Release|x64
		{EFB82B37-9BB1-408D-A02F-38D56CB33DFC}.Release|x86.ActiveCfg = Release|Win32
		{EFB82B37-9BB1-408D-A02F-38D56CB33DFC}.Release|x86.Build.0 = Release|Win32
	EndGlobalSection
	GlobalSection(SolutionProperties) = preSolution
		HideSolutionNode = FALSE
	EndGlobalSection
EndGlobal
