
Microsoft Visual Studio Solution File, Format Version 12.00
# Visual Studio Version 17
VisualStudioVersion = 17.12.35707.178
MinimumVisualStudioVersion = 10.0.40219.1
Project("{8BC9CEB8-8B4A-11D0-8D11-00A0C91BC942}") = "Ex1-NumberToText", "Ex1-NumberToText\Ex1-NumberToText.vcxproj", "{9A96355D-98BB-42B6-971B-5F7743E6E66F}"
EndProject
Project("{8BC9CEB8-8B4A-11D0-8D11-00A0C91BC942}") = "Ex2-IsLeapYear", "Ex2-IsLeapYear\Ex2-IsLeapYear.vcxproj", "{57FA7E4D-A261-4946-B1A1-AFA4E54370A7}"
EndProject
Project("{8BC9CEB8-8B4A-11D0-8D11-00A0C91BC942}") = "Ex3-IsLeapYearBestPractice", "Ex3-IsLeapYearBestPractice\Ex3-IsLeapYearBestPractice.vcxproj", "{BF8DCDCE-E433-4E7C-912C-F538F313BBA6}"
EndProject
Project("{8BC9CEB8-8B4A-11D0-8D11-00A0C91BC942}") = "Ex4-YearToDaysHoursMinutesSeconds", "Ex4-YearToDaysHoursMinutesSeconds\Ex4-YearToDaysHoursMinutesSeconds.vcxproj", "{08975C8F-E161-47B8-A850-571BF4883C3A}"
EndProject
Project("{8BC9CEB8-8B4A-11D0-8D11-00A0C91BC942}") = "Ex5-MonthToDaysHoursMinutesSeconds", "Ex5-MonthToDaysHoursMinutesSeconds\Ex5-MonthToDaysHoursMinutesSeconds.vcxproj", "{70E04640-F725-4314-AFBA-4D722F44C885}"
EndProject
Project("{8BC9CEB8-8B4A-11D0-8D11-00A0C91BC942}") = "Ex6-MonthToDays-Optimize", "Ex6-MonthToDays-Optimize\Ex6-MonthToDays-Optimize.vcxproj", "{3AE5AED2-553C-44FB-90D6-865DEDC0235C}"
EndProject
Project("{8BC9CEB8-8B4A-11D0-8D11-00A0C91BC942}") = "Ex7-ConvertDateToWeekDayName", "Ex7-ConvertDateToWeekDayName\Ex7-ConvertDateToWeekDayName.vcxproj", "{28712A09-A10C-4DBC-9BBC-A28FF729B967}"
EndProject
Project("{8BC9CEB8-8B4A-11D0-8D11-00A0C91BC942}") = "Ex8-MonthCalendar", "Ex8-MonthCalendar\Ex8-MonthCalendar.vcxproj", "{864CF5ED-0EA9-4406-94EC-831661211B6F}"
EndProject
Project("{8BC9CEB8-8B4A-11D0-8D11-00A0C91BC942}") = "Ex9-YearCalendar", "Ex9-YearCalendar\Ex9-YearCalendar.vcxproj", "{8A76D12C-6511-45EB-94E8-C6C7772BCEC8}"
EndProject
Project("{8BC9CEB8-8B4A-11D0-8D11-00A0C91BC942}") = "Ex10-TotalDaysFromBeginningYear", "Ex10-TotalDaysFromBeginningYear\Ex10-TotalDaysFromBeginningYear.vcxproj", "{AC346F28-08AD-494E-A00B-D8DAD0068F32}"
EndProject
Project("{8BC9CEB8-8B4A-11D0-8D11-00A0C91BC942}") = "Ex11-DayNumberInYearToDate", "Ex11-DayNumberInYearToDate\Ex11-DayNumberInYearToDate.vcxproj", "{BD0CDBF7-D7A0-4416-A5EC-4CA7B5A48C5A}"
EndProject
Project("{8BC9CEB8-8B4A-11D0-8D11-00A0C91BC942}") = "Ex12-AddDaysToDate", "Ex12-AddDaysToDate\Ex12-AddDaysToDate.vcxproj", "{CD5DC7E3-6C79-4F02-B3A5-06A86F860906}"
EndProject
Project("{8BC9CEB8-8B4A-11D0-8D11-00A0C91BC942}") = "Ex13-IsDate1LessThanDate2", "Ex13-IsDate1LessThanDate2\Ex13-IsDate1LessThanDate2.vcxproj", "{A90386CB-0D86-40E8-B6F3-7D7D36B1A1E7}"
EndProject
Project("{8BC9CEB8-8B4A-11D0-8D11-00A0C91BC942}") = "Ex14-CheckLastDayInMonthAndLastMonthInYear", "Ex14-CheckLastDayInMonthAndLastMonthInYear\Ex14-CheckLastDayInMonthAndLastMonthInYear.vcxproj", "{41BF7D3E-597E-488F-95A9-B1FF5B6B3FC1}"
EndProject
Project("{8BC9CEB8-8B4A-11D0-8D11-00A0C91BC942}") = "Ex15-IsDate1EqualDate2", "Ex15-IsDate1EqualDate2\Ex15-IsDate1EqualDate2.vcxproj", "{397B0AC5-5905-4EC7-86AD-C282FF07368C}"
EndProject
Project("{8BC9CEB8-8B4A-11D0-8D11-00A0C91BC942}") = "Ex16-IncreaseDateByOneDay", "Ex16-IncreaseDateByOneDay\Ex16-IncreaseDateByOneDay.vcxproj", "{86A402B0-282D-4F2D-9207-8B14576A9BC5}"
EndProject
Project("{8BC9CEB8-8B4A-11D0-8D11-00A0C91BC942}") = "Ex17-DiffirenceBetweenDate1AndDate2", "Ex17-DiffirenceBetweenDate1AndDate2\Ex17-DiffirenceBetweenDate1AndDate2.vcxproj", "{1F5A7F9D-37D2-43EC-8981-33918A4D3C40}"
EndProject
Project("{8BC9CEB8-8B4A-11D0-8D11-00A0C91BC942}") = "Ex18-YourBirthdayToDays", "Ex18-YourBirthdayToDays\Ex18-YourBirthdayToDays.vcxproj", "{77101D5E-1485-45BA-B0CA-3CEFA3DBE874}"
EndProject
Project("{8BC9CEB8-8B4A-11D0-8D11-00A0C91BC942}") = "Ex19-DiffirentBetweenTwoDaysOptimize", "Ex19-DiffirentBetweenTwoDaysOptimize\Ex19-DiffirentBetweenTwoDaysOptimize.vcxproj", "{B47C57F5-3719-49A6-8240-2B3B44E6355A}"
EndProject
Project("{8BC9CEB8-8B4A-11D0-8D11-00A0C91BC942}") = "Ex20~Ex32-IncreaseFunctions", "Ex20~Ex32-IncreaseFunctions\Ex20~Ex32-IncreaseFunctions.vcxproj", "{2349DC8A-421D-44F6-A13E-FD5948310936}"
EndProject
Project("{8BC9CEB8-8B4A-11D0-8D11-00A0C91BC942}") = "Ex33~Ex46-DecreaseFunctions", "Ex33~Ex46-DecreaseFunctions\Ex33~Ex46-DecreaseFunctions.vcxproj", "{BDA606BE-DF98-4403-BA11-B6AC0C180757}"
EndProject
Project("{8BC9CEB8-8B4A-11D0-8D11-00A0C91BC942}") = "Ex47~Ex53-MoreAboutDate", "Ex47~Ex53-MoreAboutDate\Ex47~Ex53-MoreAboutDate.vcxproj", "{DC7CBC30-B195-4564-9D83-DBA6D1792042}"
EndProject
Project("{8BC9CEB8-8B4A-11D0-8D11-00A0C91BC942}") = "Ex54-VacationPeriod", "Ex54-VacationPeriod\Ex54-VacationPeriod.vcxproj", "{5594ED15-603F-4A33-8344-44C385BA616E}"
EndProject
Project("{8BC9CEB8-8B4A-11D0-8D11-00A0C91BC942}") = "Ex55-VacationEndDate", "Ex55-VacationEndDate\Ex55-VacationEndDate.vcxproj", "{C80797C8-7B9A-49B3-A6A7-B89356BBD137}"
EndProject
Project("{8BC9CEB8-8B4A-11D0-8D11-00A0C91BC942}") = "Ex56-IsDate1AfterDate2", "Ex56-IsDate1AfterDate2\Ex56-IsDate1AfterDate2.vcxproj", "{A8B8ED55-9F21-4BB7-A039-55C2D267E91C}"
EndProject
Project("{8BC9CEB8-8B4A-11D0-8D11-00A0C91BC942}") = "Ex57-CompareBetweenDate1AndDate2", "Ex57-CompareBetweenDate1AndDate2\Ex57-CompareBetweenDate1AndDate2.vcxproj", "{02F96277-4AD4-4B78-ADB6-CECC44FD0B0C}"
EndProject
Project("{8BC9CEB8-8B4A-11D0-8D11-00A0C91BC942}") = "Ex58-IsOverlapPeriod", "Ex58-IsOverlapPeriod\Ex58-IsOverlapPeriod.vcxproj", "{2EECD5CE-0F47-4EDA-8AD0-6BDAA7E85378}"
EndProject
Global
	GlobalSection(SolutionConfigurationPlatforms) = preSolution
		Debug|x64 = Debug|x64
		Debug|x86 = Debug|x86
		Release|x64 = Release|x64
		Release|x86 = Release|x86
	EndGlobalSection
	GlobalSection(ProjectConfigurationPlatforms) = postSolution
		{9A96355D-98BB-42B6-971B-5F7743E6E66F}.Debug|x64.ActiveCfg = Debug|x64
		{9A96355D-98BB-42B6-971B-5F7743E6E66F}.Debug|x64.Build.0 = Debug|x64
		{9A96355D-98BB-42B6-971B-5F7743E6E66F}.Debug|x86.ActiveCfg = Debug|Win32
		{9A96355D-98BB-42B6-971B-5F7743E6E66F}.Debug|x86.Build.0 = Debug|Win32
		{9A96355D-98BB-42B6-971B-5F7743E6E66F}.Release|x64.ActiveCfg = Release|x64
		{9A96355D-98BB-42B6-971B-5F7743E6E66F}.Release|x64.Build.0 = Release|x64
		{9A96355D-98BB-42B6-971B-5F7743E6E66F}.Release|x86.ActiveCfg = Release|Win32
		{9A96355D-98BB-42B6-971B-5F7743E6E66F}.Release|x86.Build.0 = Release|Win32
		{57FA7E4D-A261-4946-B1A1-AFA4E54370A7}.Debug|x64.ActiveCfg = Debug|x64
		{57FA7E4D-A261-4946-B1A1-AFA4E54370A7}.Debug|x64.Build.0 = Debug|x64
		{57FA7E4D-A261-4946-B1A1-AFA4E54370A7}.Debug|x86.ActiveCfg = Debug|Win32
		{57FA7E4D-A261-4946-B1A1-AFA4E54370A7}.Debug|x86.Build.0 = Debug|Win32
		{57FA7E4D-A261-4946-B1A1-AFA4E54370A7}.Release|x64.ActiveCfg = Release|x64
		{57FA7E4D-A261-4946-B1A1-AFA4E54370A7}.Release|x64.Build.0 = Release|x64
		{57FA7E4D-A261-4946-B1A1-AFA4E54370A7}.Release|x86.ActiveCfg = Release|Win32
		{57FA7E4D-A261-4946-B1A1-AFA4E54370A7}.Release|x86.Build.0 = Release|Win32
		{BF8DCDCE-E433-4E7C-912C-F538F313BBA6}.Debug|x64.ActiveCfg = Debug|x64
		{BF8DCDCE-E433-4E7C-912C-F538F313BBA6}.Debug|x64.Build.0 = Debug|x64
		{BF8DCDCE-E433-4E7C-912C-F538F313BBA6}.Debug|x86.ActiveCfg = Debug|Win32
		{BF8DCDCE-E433-4E7C-912C-F538F313BBA6}.Debug|x86.Build.0 = Debug|Win32
		{BF8DCDCE-E433-4E7C-912C-F538F313BBA6}.Release|x64.ActiveCfg = Release|x64
		{BF8DCDCE-E433-4E7C-912C-F538F313BBA6}.Release|x64.Build.0 = Release|x64
		{BF8DCDCE-E433-4E7C-912C-F538F313BBA6}.Release|x86.ActiveCfg = Release|Win32
		{BF8DCDCE-E433-4E7C-912C-F538F313BBA6}.Release|x86.Build.0 = Release|Win32
		{08975C8F-E161-47B8-A850-571BF4883C3A}.Debug|x64.ActiveCfg = Debug|x64
		{08975C8F-E161-47B8-A850-571BF4883C3A}.Debug|x64.Build.0 = Debug|x64
		{08975C8F-E161-47B8-A850-571BF4883C3A}.Debug|x86.ActiveCfg = Debug|Win32
		{08975C8F-E161-47B8-A850-571BF4883C3A}.Debug|x86.Build.0 = Debug|Win32
		{08975C8F-E161-47B8-A850-571BF4883C3A}.Release|x64.ActiveCfg = Release|x64
		{08975C8F-E161-47B8-A850-571BF4883C3A}.Release|x64.Build.0 = Release|x64
		{08975C8F-E161-47B8-A850-571BF4883C3A}.Release|x86.ActiveCfg = Release|Win32
		{08975C8F-E161-47B8-A850-571BF4883C3A}.Release|x86.Build.0 = Release|Win32
		{70E04640-F725-4314-AFBA-4D722F44C885}.Debug|x64.ActiveCfg = Debug|x64
		{70E04640-F725-4314-AFBA-4D722F44C885}.Debug|x64.Build.0 = Debug|x64
		{70E04640-F725-4314-AFBA-4D722F44C885}.Debug|x86.ActiveCfg = Debug|Win32
		{70E04640-F725-4314-AFBA-4D722F44C885}.Debug|x86.Build.0 = Debug|Win32
		{70E04640-F725-4314-AFBA-4D722F44C885}.Release|x64.ActiveCfg = Release|x64
		{70E04640-F725-4314-AFBA-4D722F44C885}.Release|x64.Build.0 = Release|x64
		{70E04640-F725-4314-AFBA-4D722F44C885}.Release|x86.ActiveCfg = Release|Win32
		{70E04640-F725-4314-AFBA-4D722F44C885}.Release|x86.Build.0 = Release|Win32
		{3AE5AED2-553C-44FB-90D6-865DEDC0235C}.Debug|x64.ActiveCfg = Debug|x64
		{3AE5AED2-553C-44FB-90D6-865DEDC0235C}.Debug|x64.Build.0 = Debug|x64
		{3AE5AED2-553C-44FB-90D6-865DEDC0235C}.Debug|x86.ActiveCfg = Debug|Win32
		{3AE5AED2-553C-44FB-90D6-865DEDC0235C}.Debug|x86.Build.0 = Debug|Win32
		{3AE5AED2-553C-44FB-90D6-865DEDC0235C}.Release|x64.ActiveCfg = Release|x64
		{3AE5AED2-553C-44FB-90D6-865DEDC0235C}.Release|x64.Build.0 = Release|x64
		{3AE5AED2-553C-44FB-90D6-865DEDC0235C}.Release|x86.ActiveCfg = Release|Win32
		{3AE5AED2-553C-44FB-90D6-865DEDC0235C}.Release|x86.Build.0 = Release|Win32
		{28712A09-A10C-4DBC-9BBC-A28FF729B967}.Debug|x64.ActiveCfg = Debug|x64
		{28712A09-A10C-4DBC-9BBC-A28FF729B967}.Debug|x64.Build.0 = Debug|x64
		{28712A09-A10C-4DBC-9BBC-A28FF729B967}.Debug|x86.ActiveCfg = Debug|Win32
		{28712A09-A10C-4DBC-9BBC-A28FF729B967}.Debug|x86.Build.0 = Debug|Win32
		{28712A09-A10C-4DBC-9BBC-A28FF729B967}.Release|x64.ActiveCfg = Release|x64
		{28712A09-A10C-4DBC-9BBC-A28FF729B967}.Release|x64.Build.0 = Release|x64
		{28712A09-A10C-4DBC-9BBC-A28FF729B967}.Release|x86.ActiveCfg = Release|Win32
		{28712A09-A10C-4DBC-9BBC-A28FF729B967}.Release|x86.Build.0 = Release|Win32
		{864CF5ED-0EA9-4406-94EC-831661211B6F}.Debug|x64.ActiveCfg = Debug|x64
		{864CF5ED-0EA9-4406-94EC-831661211B6F}.Debug|x64.Build.0 = Debug|x64
		{864CF5ED-0EA9-4406-94EC-831661211B6F}.Debug|x86.ActiveCfg = Debug|Win32
		{864CF5ED-0EA9-4406-94EC-831661211B6F}.Debug|x86.Build.0 = Debug|Win32
		{864CF5ED-0EA9-4406-94EC-831661211B6F}.Release|x64.ActiveCfg = Release|x64
		{864CF5ED-0EA9-4406-94EC-831661211B6F}.Release|x64.Build.0 = Release|x64
		{864CF5ED-0EA9-4406-94EC-831661211B6F}.Release|x86.ActiveCfg = Release|Win32
		{864CF5ED-0EA9-4406-94EC-831661211B6F}.Release|x86.Build.0 = Release|Win32
		{8A76D12C-6511-45EB-94E8-C6C7772BCEC8}.Debug|x64.ActiveCfg = Debug|x64
		{8A76D12C-6511-45EB-94E8-C6C7772BCEC8}.Debug|x64.Build.0 = Debug|x64
		{8A76D12C-6511-45EB-94E8-C6C7772BCEC8}.Debug|x86.ActiveCfg = Debug|Win32
		{8A76D12C-6511-45EB-94E8-C6C7772BCEC8}.Debug|x86.Build.0 = Debug|Win32
		{8A76D12C-6511-45EB-94E8-C6C7772BCEC8}.Release|x64.ActiveCfg = Release|x64
		{8A76D12C-6511-45EB-94E8-C6C7772BCEC8}.Release|x64.Build.0 = Release|x64
		{8A76D12C-6511-45EB-94E8-C6C7772BCEC8}.Release|x86.ActiveCfg = Release|Win32
		{8A76D12C-6511-45EB-94E8-C6C7772BCEC8}.Release|x86.Build.0 = Release|Win32
		{AC346F28-08AD-494E-A00B-D8DAD0068F32}.Debug|x64.ActiveCfg = Debug|x64
		{AC346F28-08AD-494E-A00B-D8DAD0068F32}.Debug|x64.Build.0 = Debug|x64
		{AC346F28-08AD-494E-A00B-D8DAD0068F32}.Debug|x86.ActiveCfg = Debug|Win32
		{AC346F28-08AD-494E-A00B-D8DAD0068F32}.Debug|x86.Build.0 = Debug|Win32
		{AC346F28-08AD-494E-A00B-D8DAD0068F32}.Release|x64.ActiveCfg = Release|x64
		{AC346F28-08AD-494E-A00B-D8DAD0068F32}.Release|x64.Build.0 = Release|x64
		{AC346F28-08AD-494E-A00B-D8DAD0068F32}.Release|x86.ActiveCfg = Release|Win32
		{AC346F28-08AD-494E-A00B-D8DAD0068F32}.Release|x86.Build.0 = Release|Win32
		{BD0CDBF7-D7A0-4416-A5EC-4CA7B5A48C5A}.Debug|x64.ActiveCfg = Debug|x64
		{BD0CDBF7-D7A0-4416-A5EC-4CA7B5A48C5A}.Debug|x64.Build.0 = Debug|x64
		{BD0CDBF7-D7A0-4416-A5EC-4CA7B5A48C5A}.Debug|x86.ActiveCfg = Debug|Win32
		{BD0CDBF7-D7A0-4416-A5EC-4CA7B5A48C5A}.Debug|x86.Build.0 = Debug|Win32
		{BD0CDBF7-D7A0-4416-A5EC-4CA7B5A48C5A}.Release|x64.ActiveCfg = Release|x64
		{BD0CDBF7-D7A0-4416-A5EC-4CA7B5A48C5A}.Release|x64.Build.0 = Release|x64
		{BD0CDBF7-D7A0-4416-A5EC-4CA7B5A48C5A}.Release|x86.ActiveCfg = Release|Win32
		{BD0CDBF7-D7A0-4416-A5EC-4CA7B5A48C5A}.Release|x86.Build.0 = Release|Win32
		{CD5DC7E3-6C79-4F02-B3A5-06A86F860906}.Debug|x64.ActiveCfg = Debug|x64
		{CD5DC7E3-6C79-4F02-B3A5-06A86F860906}.Debug|x64.Build.0 = Debug|x64
		{CD5DC7E3-6C79-4F02-B3A5-06A86F860906}.Debug|x86.ActiveCfg = Debug|Win32
		{CD5DC7E3-6C79-4F02-B3A5-06A86F860906}.Debug|x86.Build.0 = Debug|Win32
		{CD5DC7E3-6C79-4F02-B3A5-06A86F860906}.Release|x64.ActiveCfg = Release|x64
		{CD5DC7E3-6C79-4F02-B3A5-06A86F860906}.Release|x64.Build.0 = Release|x64
		{CD5DC7E3-6C79-4F02-B3A5-06A86F860906}.Release|x86.ActiveCfg = Release|Win32
		{CD5DC7E3-6C79-4F02-B3A5-06A86F860906}.Release|x86.Build.0 = Release|Win32
		{A90386CB-0D86-40E8-B6F3-7D7D36B1A1E7}.Debug|x64.ActiveCfg = Debug|x64
		{A90386CB-0D86-40E8-B6F3-7D7D36B1A1E7}.Debug|x64.Build.0 = Debug|x64
		{A90386CB-0D86-40E8-B6F3-7D7D36B1A1E7}.Debug|x86.ActiveCfg = Debug|Win32
		{A90386CB-0D86-40E8-B6F3-7D7D36B1A1E7}.Debug|x86.Build.0 = Debug|Win32
		{A90386CB-0D86-40E8-B6F3-7D7D36B1A1E7}.Release|x64.ActiveCfg = Release|x64
		{A90386CB-0D86-40E8-B6F3-7D7D36B1A1E7}.Release|x64.Build.0 = Release|x64
		{A90386CB-0D86-40E8-B6F3-7D7D36B1A1E7}.Release|x86.ActiveCfg = Release|Win32
		{A90386CB-0D86-40E8-B6F3-7D7D36B1A1E7}.Release|x86.Build.0 = Release|Win32
		{41BF7D3E-597E-488F-95A9-B1FF5B6B3FC1}.Debug|x64.ActiveCfg = Debug|x64
		{41BF7D3E-597E-488F-95A9-B1FF5B6B3FC1}.Debug|x64.Build.0 = Debug|x64
		{41BF7D3E-597E-488F-95A9-B1FF5B6B3FC1}.Debug|x86.ActiveCfg = Debug|Win32
		{41BF7D3E-597E-488F-95A9-B1FF5B6B3FC1}.Debug|x86.Build.0 = Debug|Win32
		{41BF7D3E-597E-488F-95A9-B1FF5B6B3FC1}.Release|x64.ActiveCfg = Release|x64
		{41BF7D3E-597E-488F-95A9-B1FF5B6B3FC1}.Release|x64.Build.0 = Release|x64
		{41BF7D3E-597E-488F-95A9-B1FF5B6B3FC1}.Release|x86.ActiveCfg = Release|Win32
		{41BF7D3E-597E-488F-95A9-B1FF5B6B3FC1}.Release|x86.Build.0 = Release|Win32
		{397B0AC5-5905-4EC7-86AD-C282FF07368C}.Debug|x64.ActiveCfg = Debug|x64
		{397B0AC5-5905-4EC7-86AD-C282FF07368C}.Debug|x64.Build.0 = Debug|x64
		{397B0AC5-5905-4EC7-86AD-C282FF07368C}.Debug|x86.ActiveCfg = Debug|Win32
		{397B0AC5-5905-4EC7-86AD-C282FF07368C}.Debug|x86.Build.0 = Debug|Win32
		{397B0AC5-5905-4EC7-86AD-C282FF07368C}.Release|x64.ActiveCfg = Release|x64
		{397B0AC5-5905-4EC7-86AD-C282FF07368C}.Release|x64.Build.0 = Release|x64
		{397B0AC5-5905-4EC7-86AD-C282FF07368C}.Release|x86.ActiveCfg = Release|Win32
		{397B0AC5-5905-4EC7-86AD-C282FF07368C}.Release|x86.Build.0 = Release|Win32
		{86A402B0-282D-4F2D-9207-8B14576A9BC5}.Debug|x64.ActiveCfg = Debug|x64
		{86A402B0-282D-4F2D-9207-8B14576A9BC5}.Debug|x64.Build.0 = Debug|x64
		{86A402B0-282D-4F2D-9207-8B14576A9BC5}.Debug|x86.ActiveCfg = Debug|Win32
		{86A402B0-282D-4F2D-9207-8B14576A9BC5}.Debug|x86.Build.0 = Debug|Win32
		{86A402B0-282D-4F2D-9207-8B14576A9BC5}.Release|x64.ActiveCfg = Release|x64
		{86A402B0-282D-4F2D-9207-8B14576A9BC5}.Release|x64.Build.0 = Release|x64
		{86A402B0-282D-4F2D-9207-8B14576A9BC5}.Release|x86.ActiveCfg = Release|Win32
		{86A402B0-282D-4F2D-9207-8B14576A9BC5}.Release|x86.Build.0 = Release|Win32
		{1F5A7F9D-37D2-43EC-8981-33918A4D3C40}.Debug|x64.ActiveCfg = Debug|x64
		{1F5A7F9D-37D2-43EC-8981-33918A4D3C40}.Debug|x64.Build.0 = Debug|x64
		{1F5A7F9D-37D2-43EC-8981-33918A4D3C40}.Debug|x86.ActiveCfg = Debug|Win32
		{1F5A7F9D-37D2-43EC-8981-33918A4D3C40}.Debug|x86.Build.0 = Debug|Win32
		{1F5A7F9D-37D2-43EC-8981-33918A4D3C40}.Release|x64.ActiveCfg = Release|x64
		{1F5A7F9D-37D2-43EC-8981-33918A4D3C40}.Release|x64.Build.0 = Release|x64
		{1F5A7F9D-37D2-43EC-8981-33918A4D3C40}.Release|x86.ActiveCfg = Release|Win32
		{1F5A7F9D-37D2-43EC-8981-33918A4D3C40}.Release|x86.Build.0 = Release|Win32
		{77101D5E-1485-45BA-B0CA-3CEFA3DBE874}.Debug|x64.ActiveCfg = Debug|x64
		{77101D5E-1485-45BA-B0CA-3CEFA3DBE874}.Debug|x64.Build.0 = Debug|x64
		{77101D5E-1485-45BA-B0CA-3CEFA3DBE874}.Debug|x86.ActiveCfg = Debug|Win32
		{77101D5E-1485-45BA-B0CA-3CEFA3DBE874}.Debug|x86.Build.0 = Debug|Win32
		{77101D5E-1485-45BA-B0CA-3CEFA3DBE874}.Release|x64.ActiveCfg = Release|x64
		{77101D5E-1485-45BA-B0CA-3CEFA3DBE874}.Release|x64.Build.0 = Release|x64
		{77101D5E-1485-45BA-B0CA-3CEFA3DBE874}.Release|x86.ActiveCfg = Release|Win32
		{77101D5E-1485-45BA-B0CA-3CEFA3DBE874}.Release|x86.Build.0 = Release|Win32
		{B47C57F5-3719-49A6-8240-2B3B44E6355A}.Debug|x64.ActiveCfg = Debug|x64
		{B47C57F5-3719-49A6-8240-2B3B44E6355A}.Debug|x64.Build.0 = Debug|x64
		{B47C57F5-3719-49A6-8240-2B3B44E6355A}.Debug|x86.ActiveCfg = Debug|Win32
		{B47C57F5-3719-49A6-8240-2B3B44E6355A}.Debug|x86.Build.0 = Debug|Win32
		{B47C57F5-3719-49A6-8240-2B3B44E6355A}.Release|x64.ActiveCfg = Release|x64
		{B47C57F5-3719-49A6-8240-2B3B44E6355A}.Release|x64.Build.0 = Release|x64
		{B47C57F5-3719-49A6-8240-2B3B44E6355A}.Release|x86.ActiveCfg = Release|Win32
		{B47C57F5-3719-49A6-8240-2B3B44E6355A}.Release|x86.Build.0 = Release|Win32
		{2349DC8A-421D-44F6-A13E-FD5948310936}.Debug|x64.ActiveCfg = Debug|x64
		{2349DC8A-421D-44F6-A13E-FD5948310936}.Debug|x64.Build.0 = Debug|x64
		{2349DC8A-421D-44F6-A13E-FD5948310936}.Debug|x86.ActiveCfg = Debug|Win32
		{2349DC8A-421D-44F6-A13E-FD5948310936}.Debug|x86.Build.0 = Debug|Win32
		{2349DC8A-421D-44F6-A13E-FD5948310936}.Release|x64.ActiveCfg = Release|x64
		{2349DC8A-421D-44F6-A13E-FD5948310936}.Release|x64.Build.0 = Release|x64
		{2349DC8A-421D-44F6-A13E-FD5948310936}.Release|x86.ActiveCfg = Release|Win32
		{2349DC8A-421D-44F6-A13E-FD5948310936}.Release|x86.Build.0 = Release|Win32
		{BDA606BE-DF98-4403-BA11-B6AC0C180757}.Debug|x64.ActiveCfg = Debug|x64
		{BDA606BE-DF98-4403-BA11-B6AC0C180757}.Debug|x64.Build.0 = Debug|x64
		{BDA606BE-DF98-4403-BA11-B6AC0C180757}.Debug|x86.ActiveCfg = Debug|Win32
		{BDA606BE-DF98-4403-BA11-B6AC0C180757}.Debug|x86.Build.0 = Debug|Win32
		{BDA606BE-DF98-4403-BA11-B6AC0C180757}.Release|x64.ActiveCfg = Release|x64
		{BDA606BE-DF98-4403-BA11-B6AC0C180757}.Release|x64.Build.0 = Release|x64
		{BDA606BE-DF98-4403-BA11-B6AC0C180757}.Release|x86.ActiveCfg = Release|Win32
		{BDA606BE-DF98-4403-BA11-B6AC0C180757}.Release|x86.Build.0 = Release|Win32
		{DC7CBC30-B195-4564-9D83-DBA6D1792042}.Debug|x64.ActiveCfg = Debug|x64
		{DC7CBC30-B195-4564-9D83-DBA6D1792042}.Debug|x64.Build.0 = Debug|x64
		{DC7CBC30-B195-4564-9D83-DBA6D1792042}.Debug|x86.ActiveCfg = Debug|Win32
		{DC7CBC30-B195-4564-9D83-DBA6D1792042}.Debug|x86.Build.0 = Debug|Win32
		{DC7CBC30-B195-4564-9D83-DBA6D1792042}.Release|x64.ActiveCfg = Release|x64
		{DC7CBC30-B195-4564-9D83-DBA6D1792042}.Release|x64.Build.0 = Release|x64
		{DC7CBC30-B195-4564-9D83-DBA6D1792042}.Release|x86.ActiveCfg = Release|Win32
		{DC7CBC30-B195-4564-9D83-DBA6D1792042}.Release|x86.Build.0 = Release|Win32
		{5594ED15-603F-4A33-8344-44C385BA616E}.Debug|x64.ActiveCfg = Debug|x64
		{5594ED15-603F-4A33-8344-44C385BA616E}.Debug|x64.Build.0 = Debug|x64
		{5594ED15-603F-4A33-8344-44C385BA616E}.Debug|x86.ActiveCfg = Debug|Win32
		{5594ED15-603F-4A33-8344-44C385BA616E}.Debug|x86.Build.0 = Debug|Win32
		{5594ED15-603F-4A33-8344-44C385BA616E}.Release|x64.ActiveCfg = Release|x64
		{5594ED15-603F-4A33-8344-44C385BA616E}.Release|x64.Build.0 = Release|x64
		{5594ED15-603F-4A33-8344-44C385BA616E}.Release|x86.ActiveCfg = Release|Win32
		{5594ED15-603F-4A33-8344-44C385BA616E}.Release|x86.Build.0 = Release|Win32
		{C80797C8-7B9A-49B3-A6A7-B89356BBD137}.Debug|x64.ActiveCfg = Debug|x64
		{C80797C8-7B9A-49B3-A6A7-B89356BBD137}.Debug|x64.Build.0 = Debug|x64
		{C80797C8-7B9A-49B3-A6A7-B89356BBD137}.Debug|x86.ActiveCfg = Debug|Win32
		{C80797C8-7B9A-49B3-A6A7-B89356BBD137}.Debug|x86.Build.0 = Debug|Win32
		{C80797C8-7B9A-49B3-A6A7-B89356BBD137}.Release|x64.ActiveCfg = Release|x64
		{C80797C8-7B9A-49B3-A6A7-B89356BBD137}.Release|x64.Build.0 = Release|x64
		{C80797C8-7B9A-49B3-A6A7-B89356BBD137}.Release|x86.ActiveCfg = Release|Win32
		{C80797C8-7B9A-49B3-A6A7-B89356BBD137}.Release|x86.Build.0 = Release|Win32
		{A8B8ED55-9F21-4BB7-A039-55C2D267E91C}.Debug|x64.ActiveCfg = Debug|x64
		{A8B8ED55-9F21-4BB7-A039-55C2D267E91C}.Debug|x64.Build.0 = Debug|x64
		{A8B8ED55-9F21-4BB7-A039-55C2D267E91C}.Debug|x86.ActiveCfg = Debug|Win32
		{A8B8ED55-9F21-4BB7-A039-55C2D267E91C}.Debug|x86.Build.0 = Debug|Win32
		{A8B8ED55-9F21-4BB7-A039-55C2D267E91C}.Release|x64.ActiveCfg = Release|x64
		{A8B8ED55-9F21-4BB7-A039-55C2D267E91C}.Release|x64.Build.0 = Release|x64
		{A8B8ED55-9F21-4BB7-A039-55C2D267E91C}.Release|x86.ActiveCfg = Release|Win32
		{A8B8ED55-9F21-4BB7-A039-55C2D267E91C}.Release|x86.Build.0 = Release|Win32
		{02F96277-4AD4-4B78-ADB6-CECC44FD0B0C}.Debug|x64.ActiveCfg = Debug|x64
		{02F96277-4AD4-4B78-ADB6-CECC44FD0B0C}.Debug|x64.Build.0 = Debug|x64
		{02F96277-4AD4-4B78-ADB6-CECC44FD0B0C}.Debug|x86.ActiveCfg = Debug|Win32
		{02F96277-4AD4-4B78-ADB6-CECC44FD0B0C}.Debug|x86.Build.0 = Debug|Win32
		{02F96277-4AD4-4B78-ADB6-CECC44FD0B0C}.Release|x64.ActiveCfg = Release|x64
		{02F96277-4AD4-4B78-ADB6-CECC44FD0B0C}.Release|x64.Build.0 = Release|x64
		{02F96277-4AD4-4B78-ADB6-CECC44FD0B0C}.Release|x86.ActiveCfg = Release|Win32
		{02F96277-4AD4-4B78-ADB6-CECC44FD0B0C}.Release|x86.Build.0 = Release|Win32
		{2EECD5CE-0F47-4EDA-8AD0-6BDAA7E85378}.Debug|x64.ActiveCfg = Debug|x64
		{2EECD5CE-0F47-4EDA-8AD0-6BDAA7E85378}.Debug|x64.Build.0 = Debug|x64
		{2EECD5CE-0F47-4EDA-8AD0-6BDAA7E85378}.Debug|x86.ActiveCfg = Debug|Win32
		{2EECD5CE-0F47-4EDA-8AD0-6BDAA7E85378}.Debug|x86.Build.0 = Debug|Win32
		{2EECD5CE-0F47-4EDA-8AD0-6BDAA7E85378}.Release|x64.ActiveCfg = Release|x64
		{2EECD5CE-0F47-4EDA-8AD0-6BDAA7E85378}.Release|x64.Build.0 = Release|x64
		{2EECD5CE-0F47-4EDA-8AD0-6BDAA7E85378}.Release|x86.ActiveCfg = Release|Win32
		{2EECD5CE-0F47-4EDA-8AD0-6BDAA7E85378}.Release|x86.Build.0 = Release|Win32
	EndGlobalSection
	GlobalSection(SolutionProperties) = preSolution
		HideSolutionNode = FALSE
	EndGlobalSection
EndGlobal
